// !$*UTF8*$!
{
	archiveVersion = 1;
	classes = {
	};
	objectVersion = 42;
	objects = {

/* Begin PBXBuildFile section */
		8D15AC2C0486D014006FF6A4 /* Credits.rtf in Resources */ = {isa = PBXBuildFile; fileRef = 2A37F4B9FDCFA73011CA2CEA /* Credits.rtf */; };
		8D15AC2D0486D014006FF6A4 /* MainMenu.nib in Resources */ = {isa = PBXBuildFile; fileRef = 2A37F4B6FDCFA73011CA2CEA /* MainMenu.nib */; };
		8D15AC2F0486D014006FF6A4 /* InfoPlist.strings in Resources */ = {isa = PBXBuildFile; fileRef = 089C165FFE840EACC02AAC07 /* InfoPlist.strings */; };
		8D15AC320486D014006FF6A4 /* main.m in Sources */ = {isa = PBXBuildFile; fileRef = 2A37F4B0FDCFA73011CA2CEA /* main.m */; settings = {ATTRIBUTES = (); }; };
		8D15AC340486D014006FF6A4 /* Cocoa.framework in Frameworks */ = {isa = PBXBuildFile; fileRef = 1058C7A7FEA54F5311CA2CBB /* Cocoa.framework */; };
		CB04066A0D7B65250025AA28 /* LICENSE in Resources */ = {isa = PBXBuildFile; fileRef = CB5413A708AEF2D100CAB00C /* LICENSE */; };
		CB044DA707BF0035008E657C /* bugsAndFeatures.txt in Resources */ = {isa = PBXBuildFile; fileRef = CB044DA607BF0035008E657C /* bugsAndFeatures.txt */; };
		CB06450809B414880057078F /* tiger.icns in Resources */ = {isa = PBXBuildFile; fileRef = CB06450709B414870057078F /* tiger.icns */; };
		CB2349A707DCCCAC005D0DE4 /* RTKCleverRabbitController.m in Sources */ = {isa = PBXBuildFile; fileRef = CB2349A507DCCCAC005D0DE4 /* RTKCleverRabbitController.m */; };
		CB2349A807DCCCAC005D0DE4 /* RTKCleverRabbitController.h in Resources */ = {isa = PBXBuildFile; fileRef = CB2349A607DCCCAC005D0DE4 /* RTKCleverRabbitController.h */; };
		CB2457990D946E9000B5EAA3 /* RTKMutableAttributedStringCategory.m in Sources */ = {isa = PBXBuildFile; fileRef = CB2457980D946E9000B5EAA3 /* RTKMutableAttributedStringCategory.m */; };
		CB24579A0D946E9100B5EAA3 /* RTKMutableAttributedStringCategory.m in Sources */ = {isa = PBXBuildFile; fileRef = CB2457980D946E9000B5EAA3 /* RTKMutableAttributedStringCategory.m */; };
		CB25DB4E07B43C0B006DADA3 /* RTKVerse.h in Resources */ = {isa = PBXBuildFile; fileRef = CB25DB4C07B43C0B006DADA3 /* RTKVerse.h */; };
		CB25DB4F07B43C0B006DADA3 /* RTKVerse.m in Sources */ = {isa = PBXBuildFile; fileRef = CB25DB4D07B43C0B006DADA3 /* RTKVerse.m */; };
		CB2602920D63C6B6007FA175 /* RTKAlias.m in Sources */ = {isa = PBXBuildFile; fileRef = CB2DCCEC07D17A0C00A5339A /* RTKAlias.m */; };
		CB2602990D63C6B7007FA175 /* RTKBinaryTreeHeader.m in Sources */ = {isa = PBXBuildFile; fileRef = CB2DCCEE07D17A0C00A5339A /* RTKBinaryTreeHeader.m */; };
		CB26029A0D63C6B8007FA175 /* RTKBinaryTreeNode.m in Sources */ = {isa = PBXBuildFile; fileRef = CB2DCCF007D17A0C00A5339A /* RTKBinaryTreeNode.m */; };
		CB26029B0D63C6B8007FA175 /* RTKConsonantDefinition.m in Sources */ = {isa = PBXBuildFile; fileRef = CB2DCCF407D17A0C00A5339A /* RTKConsonantDefinition.m */; };
		CB26029C0D63C6B9007FA175 /* RTKContextualParsing.m in Sources */ = {isa = PBXBuildFile; fileRef = CB2DCCF607D17A0C00A5339A /* RTKContextualParsing.m */; };
		CB26029D0D63C6BA007FA175 /* RTKConvertor.m in Sources */ = {isa = PBXBuildFile; fileRef = CB2DCCF807D17A0C00A5339A /* RTKConvertor.m */; };
		CB26029E0D63C6BA007FA175 /* RTKFilter.m in Sources */ = {isa = PBXBuildFile; fileRef = CB2DCCFA07D17A0C00A5339A /* RTKFilter.m */; };
		CB26029F0D63C6BB007FA175 /* RTKFontCharacter.m in Sources */ = {isa = PBXBuildFile; fileRef = CB2DCCFE07D17A0C00A5339A /* RTKFontCharacter.m */; };
		CB2602A00D63C6BB007FA175 /* RTKFontCharacterDefinition.m in Sources */ = {isa = PBXBuildFile; fileRef = CB2DCD0007D17A0C00A5339A /* RTKFontCharacterDefinition.m */; };
		CB2602A10D63C6BC007FA175 /* RTKFontEncodingDefinition.m in Sources */ = {isa = PBXBuildFile; fileRef = CB2DCD0207D17A0C00A5339A /* RTKFontEncodingDefinition.m */; };
		CB2602A20D63C6BD007FA175 /* RTKFontGlyphDefinition.m in Sources */ = {isa = PBXBuildFile; fileRef = CB2DCD0407D17A0C00A5339A /* RTKFontGlyphDefinition.m */; };
		CB2602A30D63C6BD007FA175 /* RTKGlyphAlias.m in Sources */ = {isa = PBXBuildFile; fileRef = CB2DCD0707D17A0C00A5339A /* RTKGlyphAlias.m */; };
		CB2602A40D63C6BE007FA175 /* RTKIDDatabase.m in Sources */ = {isa = PBXBuildFile; fileRef = CB2DCD0907D17A0C00A5339A /* RTKIDDatabase.m */; };
		CB2602A50D63C6BE007FA175 /* RTKIDMarker.m in Sources */ = {isa = PBXBuildFile; fileRef = CB2DCD0B07D17A0C00A5339A /* RTKIDMarker.m */; };
		CB2602A60D63C6BF007FA175 /* RTKInputFilterSetDefinition.m in Sources */ = {isa = PBXBuildFile; fileRef = CB2DCD0F07D17A0C00A5339A /* RTKInputFilterSetDefinition.m */; };
		CB2602A70D63C6C0007FA175 /* RTKLinkedListHeader.m in Sources */ = {isa = PBXBuildFile; fileRef = CB2DCD1307D17A0C00A5339A /* RTKLinkedListHeader.m */; };
		CB2602A80D63C6C0007FA175 /* RTKLinkedListNode.m in Sources */ = {isa = PBXBuildFile; fileRef = CB2DCD1507D17A0C00A5339A /* RTKLinkedListNode.m */; };
		CB2602A90D63C6C1007FA175 /* RTKParsePattern.m in Sources */ = {isa = PBXBuildFile; fileRef = CB2DCD1707D17A0C00A5339A /* RTKParsePattern.m */; };
		CB2602AA0D63C6C2007FA175 /* RTKPunctuationGroupUnit.m in Sources */ = {isa = PBXBuildFile; fileRef = CB2DCD1907D17A0C00A5339A /* RTKPunctuationGroupUnit.m */; };
		CB2602AB0D63C6C2007FA175 /* RTKPunctuationUnit.m in Sources */ = {isa = PBXBuildFile; fileRef = CB2DCD1B07D17A0C00A5339A /* RTKPunctuationUnit.m */; };
		CB2602AC0D63C6C3007FA175 /* RTKScriptCluster.m in Sources */ = {isa = PBXBuildFile; fileRef = CB2DCD2107D17A0C00A5339A /* RTKScriptCluster.m */; };
		CB2602AD0D63C6C3007FA175 /* RTKScriptDefinition.m in Sources */ = {isa = PBXBuildFile; fileRef = CB2DCD2307D17A0C00A5339A /* RTKScriptDefinition.m */; };
		CB2602AE0D63C6C4007FA175 /* RTKScriptPunctuationGroup.m in Sources */ = {isa = PBXBuildFile; fileRef = CB2DCD2507D17A0C00A5339A /* RTKScriptPunctuationGroup.m */; };
		CB2602AF0D63C6C4007FA175 /* RTKSyllableUnit.m in Sources */ = {isa = PBXBuildFile; fileRef = CB2DCD2907D17A0C00A5339A /* RTKSyllableUnit.m */; };
		CB2602B00D63C6C5007FA175 /* RTKScriptWord.m in Sources */ = {isa = PBXBuildFile; fileRef = CB2DCD2707D17A0C00A5339A /* RTKScriptWord.m */; };
		CB2602B10D63C6C6007FA175 /* RTKVowelDefinition.m in Sources */ = {isa = PBXBuildFile; fileRef = CB2DCD2B07D17A0C00A5339A /* RTKVowelDefinition.m */; };
		CB2602B20D63C6C7007FA175 /* RTKWordUnit.m in Sources */ = {isa = PBXBuildFile; fileRef = CB2DCD2D07D17A0C00A5339A /* RTKWordUnit.m */; };
		CB2602B30D63C6C8007FA175 /* RTKWrapper.m in Sources */ = {isa = PBXBuildFile; fileRef = CB2DCD2F07D17A0C00A5339A /* RTKWrapper.m */; };
		CB2603420D6400ED007FA175 /* RTKStringCategory.m in Sources */ = {isa = PBXBuildFile; fileRef = CB86ACA40879F4F3001D55F3 /* RTKStringCategory.m */; };
		CB2DCD3507D17A0C00A5339A /* RTKAlias.h in Resources */ = {isa = PBXBuildFile; fileRef = CB2DCCEB07D17A0C00A5339A /* RTKAlias.h */; };
		CB2DCD3607D17A0C00A5339A /* RTKAlias.m in Sources */ = {isa = PBXBuildFile; fileRef = CB2DCCEC07D17A0C00A5339A /* RTKAlias.m */; };
		CB2DCD3707D17A0C00A5339A /* RTKBinaryTreeHeader.h in Resources */ = {isa = PBXBuildFile; fileRef = CB2DCCED07D17A0C00A5339A /* RTKBinaryTreeHeader.h */; };
		CB2DCD3807D17A0C00A5339A /* RTKBinaryTreeHeader.m in Sources */ = {isa = PBXBuildFile; fileRef = CB2DCCEE07D17A0C00A5339A /* RTKBinaryTreeHeader.m */; };
		CB2DCD3907D17A0C00A5339A /* RTKBinaryTreeNode.h in Resources */ = {isa = PBXBuildFile; fileRef = CB2DCCEF07D17A0C00A5339A /* RTKBinaryTreeNode.h */; };
		CB2DCD3A07D17A0C00A5339A /* RTKBinaryTreeNode.m in Sources */ = {isa = PBXBuildFile; fileRef = CB2DCCF007D17A0C00A5339A /* RTKBinaryTreeNode.m */; };
		CB2DCD3D07D17A0C00A5339A /* RTKConsonantDefinition.h in Resources */ = {isa = PBXBuildFile; fileRef = CB2DCCF307D17A0C00A5339A /* RTKConsonantDefinition.h */; };
		CB2DCD3E07D17A0C00A5339A /* RTKConsonantDefinition.m in Sources */ = {isa = PBXBuildFile; fileRef = CB2DCCF407D17A0C00A5339A /* RTKConsonantDefinition.m */; };
		CB2DCD3F07D17A0C00A5339A /* RTKContextualParsing.h in Resources */ = {isa = PBXBuildFile; fileRef = CB2DCCF507D17A0C00A5339A /* RTKContextualParsing.h */; };
		CB2DCD4007D17A0C00A5339A /* RTKContextualParsing.m in Sources */ = {isa = PBXBuildFile; fileRef = CB2DCCF607D17A0C00A5339A /* RTKContextualParsing.m */; };
		CB2DCD4107D17A0C00A5339A /* RTKConvertor.h in Resources */ = {isa = PBXBuildFile; fileRef = CB2DCCF707D17A0C00A5339A /* RTKConvertor.h */; };
		CB2DCD4207D17A0C00A5339A /* RTKConvertor.m in Sources */ = {isa = PBXBuildFile; fileRef = CB2DCCF807D17A0C00A5339A /* RTKConvertor.m */; };
		CB2DCD4307D17A0C00A5339A /* RTKFilter.h in Resources */ = {isa = PBXBuildFile; fileRef = CB2DCCF907D17A0C00A5339A /* RTKFilter.h */; };
		CB2DCD4407D17A0C00A5339A /* RTKFilter.m in Sources */ = {isa = PBXBuildFile; fileRef = CB2DCCFA07D17A0C00A5339A /* RTKFilter.m */; };
		CB2DCD4707D17A0C00A5339A /* RTKFontCharacter.h in Resources */ = {isa = PBXBuildFile; fileRef = CB2DCCFD07D17A0C00A5339A /* RTKFontCharacter.h */; };
		CB2DCD4807D17A0C00A5339A /* RTKFontCharacter.m in Sources */ = {isa = PBXBuildFile; fileRef = CB2DCCFE07D17A0C00A5339A /* RTKFontCharacter.m */; };
		CB2DCD4907D17A0C00A5339A /* RTKFontCharacterDefinition.h in Resources */ = {isa = PBXBuildFile; fileRef = CB2DCCFF07D17A0C00A5339A /* RTKFontCharacterDefinition.h */; };
		CB2DCD4A07D17A0C00A5339A /* RTKFontCharacterDefinition.m in Sources */ = {isa = PBXBuildFile; fileRef = CB2DCD0007D17A0C00A5339A /* RTKFontCharacterDefinition.m */; };
		CB2DCD4B07D17A0C00A5339A /* RTKFontEncodingDefinition.h in Resources */ = {isa = PBXBuildFile; fileRef = CB2DCD0107D17A0C00A5339A /* RTKFontEncodingDefinition.h */; };
		CB2DCD4C07D17A0C00A5339A /* RTKFontEncodingDefinition.m in Sources */ = {isa = PBXBuildFile; fileRef = CB2DCD0207D17A0C00A5339A /* RTKFontEncodingDefinition.m */; };
		CB2DCD4D07D17A0C00A5339A /* RTKFontGlyphDefinition.h in Resources */ = {isa = PBXBuildFile; fileRef = CB2DCD0307D17A0C00A5339A /* RTKFontGlyphDefinition.h */; };
		CB2DCD4E07D17A0C00A5339A /* RTKFontGlyphDefinition.m in Sources */ = {isa = PBXBuildFile; fileRef = CB2DCD0407D17A0C00A5339A /* RTKFontGlyphDefinition.m */; };
		CB2DCD5007D17A0C00A5339A /* RTKGlyphAlias.h in Resources */ = {isa = PBXBuildFile; fileRef = CB2DCD0607D17A0C00A5339A /* RTKGlyphAlias.h */; };
		CB2DCD5107D17A0C00A5339A /* RTKGlyphAlias.m in Sources */ = {isa = PBXBuildFile; fileRef = CB2DCD0707D17A0C00A5339A /* RTKGlyphAlias.m */; };
		CB2DCD5207D17A0C00A5339A /* RTKIDDatabase.h in Resources */ = {isa = PBXBuildFile; fileRef = CB2DCD0807D17A0C00A5339A /* RTKIDDatabase.h */; };
		CB2DCD5307D17A0C00A5339A /* RTKIDDatabase.m in Sources */ = {isa = PBXBuildFile; fileRef = CB2DCD0907D17A0C00A5339A /* RTKIDDatabase.m */; };
		CB2DCD5407D17A0C00A5339A /* RTKIDMarker.h in Resources */ = {isa = PBXBuildFile; fileRef = CB2DCD0A07D17A0C00A5339A /* RTKIDMarker.h */; };
		CB2DCD5507D17A0C00A5339A /* RTKIDMarker.m in Sources */ = {isa = PBXBuildFile; fileRef = CB2DCD0B07D17A0C00A5339A /* RTKIDMarker.m */; };
		CB2DCD5807D17A0C00A5339A /* RTKInputFilterSetDefinition.h in Resources */ = {isa = PBXBuildFile; fileRef = CB2DCD0E07D17A0C00A5339A /* RTKInputFilterSetDefinition.h */; };
		CB2DCD5907D17A0C00A5339A /* RTKInputFilterSetDefinition.m in Sources */ = {isa = PBXBuildFile; fileRef = CB2DCD0F07D17A0C00A5339A /* RTKInputFilterSetDefinition.m */; };
		CB2DCD5C07D17A0C00A5339A /* RTKLinkedListHeader.h in Resources */ = {isa = PBXBuildFile; fileRef = CB2DCD1207D17A0C00A5339A /* RTKLinkedListHeader.h */; };
		CB2DCD5D07D17A0C00A5339A /* RTKLinkedListHeader.m in Sources */ = {isa = PBXBuildFile; fileRef = CB2DCD1307D17A0C00A5339A /* RTKLinkedListHeader.m */; };
		CB2DCD5E07D17A0C00A5339A /* RTKLinkedListNode.h in Resources */ = {isa = PBXBuildFile; fileRef = CB2DCD1407D17A0C00A5339A /* RTKLinkedListNode.h */; };
		CB2DCD5F07D17A0C00A5339A /* RTKLinkedListNode.m in Sources */ = {isa = PBXBuildFile; fileRef = CB2DCD1507D17A0C00A5339A /* RTKLinkedListNode.m */; };
		CB2DCD6007D17A0C00A5339A /* RTKParsePattern.h in Resources */ = {isa = PBXBuildFile; fileRef = CB2DCD1607D17A0C00A5339A /* RTKParsePattern.h */; };
		CB2DCD6107D17A0C00A5339A /* RTKParsePattern.m in Sources */ = {isa = PBXBuildFile; fileRef = CB2DCD1707D17A0C00A5339A /* RTKParsePattern.m */; };
		CB2DCD6207D17A0C00A5339A /* RTKPunctuationGroupUnit.h in Resources */ = {isa = PBXBuildFile; fileRef = CB2DCD1807D17A0C00A5339A /* RTKPunctuationGroupUnit.h */; };
		CB2DCD6307D17A0C00A5339A /* RTKPunctuationGroupUnit.m in Sources */ = {isa = PBXBuildFile; fileRef = CB2DCD1907D17A0C00A5339A /* RTKPunctuationGroupUnit.m */; };
		CB2DCD6407D17A0C00A5339A /* RTKPunctuationUnit.h in Resources */ = {isa = PBXBuildFile; fileRef = CB2DCD1A07D17A0C00A5339A /* RTKPunctuationUnit.h */; };
		CB2DCD6507D17A0C00A5339A /* RTKPunctuationUnit.m in Sources */ = {isa = PBXBuildFile; fileRef = CB2DCD1B07D17A0C00A5339A /* RTKPunctuationUnit.m */; };
		CB2DCD6A07D17A0C00A5339A /* RTKScriptCluster.h in Resources */ = {isa = PBXBuildFile; fileRef = CB2DCD2007D17A0C00A5339A /* RTKScriptCluster.h */; };
		CB2DCD6B07D17A0C00A5339A /* RTKScriptCluster.m in Sources */ = {isa = PBXBuildFile; fileRef = CB2DCD2107D17A0C00A5339A /* RTKScriptCluster.m */; };
		CB2DCD6C07D17A0C00A5339A /* RTKScriptDefinition.h in Resources */ = {isa = PBXBuildFile; fileRef = CB2DCD2207D17A0C00A5339A /* RTKScriptDefinition.h */; };
		CB2DCD6D07D17A0C00A5339A /* RTKScriptDefinition.m in Sources */ = {isa = PBXBuildFile; fileRef = CB2DCD2307D17A0C00A5339A /* RTKScriptDefinition.m */; };
		CB2DCD6E07D17A0C00A5339A /* RTKScriptPunctuationGroup.h in Resources */ = {isa = PBXBuildFile; fileRef = CB2DCD2407D17A0C00A5339A /* RTKScriptPunctuationGroup.h */; };
		CB2DCD6F07D17A0C00A5339A /* RTKScriptPunctuationGroup.m in Sources */ = {isa = PBXBuildFile; fileRef = CB2DCD2507D17A0C00A5339A /* RTKScriptPunctuationGroup.m */; };
		CB2DCD7007D17A0C00A5339A /* RTKScriptWord.h in Resources */ = {isa = PBXBuildFile; fileRef = CB2DCD2607D17A0C00A5339A /* RTKScriptWord.h */; };
		CB2DCD7107D17A0C00A5339A /* RTKScriptWord.m in Sources */ = {isa = PBXBuildFile; fileRef = CB2DCD2707D17A0C00A5339A /* RTKScriptWord.m */; };
		CB2DCD7207D17A0C00A5339A /* RTKSyllableUnit.h in Resources */ = {isa = PBXBuildFile; fileRef = CB2DCD2807D17A0C00A5339A /* RTKSyllableUnit.h */; };
		CB2DCD7307D17A0C00A5339A /* RTKSyllableUnit.m in Sources */ = {isa = PBXBuildFile; fileRef = CB2DCD2907D17A0C00A5339A /* RTKSyllableUnit.m */; };
		CB2DCD7407D17A0C00A5339A /* RTKVowelDefinition.h in Resources */ = {isa = PBXBuildFile; fileRef = CB2DCD2A07D17A0C00A5339A /* RTKVowelDefinition.h */; };
		CB2DCD7507D17A0C00A5339A /* RTKVowelDefinition.m in Sources */ = {isa = PBXBuildFile; fileRef = CB2DCD2B07D17A0C00A5339A /* RTKVowelDefinition.m */; };
		CB2DCD7607D17A0C00A5339A /* RTKWordUnit.h in Resources */ = {isa = PBXBuildFile; fileRef = CB2DCD2C07D17A0C00A5339A /* RTKWordUnit.h */; };
		CB2DCD7707D17A0C00A5339A /* RTKWordUnit.m in Sources */ = {isa = PBXBuildFile; fileRef = CB2DCD2D07D17A0C00A5339A /* RTKWordUnit.m */; };
		CB2DCD7807D17A0C00A5339A /* RTKWrapper.h in Resources */ = {isa = PBXBuildFile; fileRef = CB2DCD2E07D17A0C00A5339A /* RTKWrapper.h */; };
		CB2DCD7907D17A0C00A5339A /* RTKWrapper.m in Sources */ = {isa = PBXBuildFile; fileRef = CB2DCD2F07D17A0C00A5339A /* RTKWrapper.m */; };
		CB3CB7B807C8FDD7003AB0B3 /* RTKTigerTextView.h in Resources */ = {isa = PBXBuildFile; fileRef = CB3CB7B607C8FDD7003AB0B3 /* RTKTigerTextView.h */; };
		CB3CB7B907C8FDD7003AB0B3 /* RTKTigerTextView.m in Sources */ = {isa = PBXBuildFile; fileRef = CB3CB7B707C8FDD7003AB0B3 /* RTKTigerTextView.m */; };
		CB483C5407B187B700D628EF /* RTKTiger.nib in Resources */ = {isa = PBXBuildFile; fileRef = CB483C5207B187B700D628EF /* RTKTiger.nib */; };
		CB483C7F07B189A500D628EF /* RTKTigerDocument.h in Resources */ = {isa = PBXBuildFile; fileRef = CB483C7D07B189A500D628EF /* RTKTigerDocument.h */; };
		CB483C8007B189A500D628EF /* RTKTigerDocument.m in Sources */ = {isa = PBXBuildFile; fileRef = CB483C7E07B189A500D628EF /* RTKTigerDocument.m */; };
		CB54133508AEE9AF00CAB00C /* CHOMPEnumeratorCollectTrampoline.m in Sources */ = {isa = PBXBuildFile; fileRef = CB54132308AEE9AF00CAB00C /* CHOMPEnumeratorCollectTrampoline.m */; };
		CB54133608AEE9AF00CAB00C /* CHOMPEnumeratorTrampoline.m in Sources */ = {isa = PBXBuildFile; fileRef = CB54132508AEE9AF00CAB00C /* CHOMPEnumeratorTrampoline.m */; };
		CB54133708AEE9AF00CAB00C /* CHOMPSimpleTrampoline.m in Sources */ = {isa = PBXBuildFile; fileRef = CB54132708AEE9AF00CAB00C /* CHOMPSimpleTrampoline.m */; };
		CB54133808AEE9AF00CAB00C /* CHOMPSingleObjectEnumerator.m in Sources */ = {isa = PBXBuildFile; fileRef = CB54132908AEE9AF00CAB00C /* CHOMPSingleObjectEnumerator.m */; };
		CB54133908AEE9AF00CAB00C /* CHOMPTrampoline.m in Sources */ = {isa = PBXBuildFile; fileRef = CB54132B08AEE9AF00CAB00C /* CHOMPTrampoline.m */; };
		CB54133A08AEE9AF00CAB00C /* Documentation.html in Resources */ = {isa = PBXBuildFile; fileRef = CB54132C08AEE9AF00CAB00C /* Documentation.html */; };
		CB54133B08AEE9AF00CAB00C /* NSCollections+CHOMPIteration.m in Sources */ = {isa = PBXBuildFile; fileRef = CB54132E08AEE9AF00CAB00C /* NSCollections+CHOMPIteration.m */; };
		CB54133C08AEE9AF00CAB00C /* NSObject+CHOMPHOM.m in Sources */ = {isa = PBXBuildFile; fileRef = CB54133008AEE9AF00CAB00C /* NSObject+CHOMPHOM.m */; };
		CB54133D08AEE9AF00CAB00C /* NSObject+CHOMPIteration.m in Sources */ = {isa = PBXBuildFile; fileRef = CB54133208AEE9AF00CAB00C /* NSObject+CHOMPIteration.m */; };
		CB581CD507E40DC400857854 /* RTKArrayCategory.h in Resources */ = {isa = PBXBuildFile; fileRef = CB581CD307E40DC400857854 /* RTKArrayCategory.h */; };
		CB581CD607E40DC400857854 /* RTKArrayCategory.m in Sources */ = {isa = PBXBuildFile; fileRef = CB581CD407E40DC400857854 /* RTKArrayCategory.m */; };
		CB581EB907E7780B00857854 /* RTKMutableArrayCategory.h in Resources */ = {isa = PBXBuildFile; fileRef = CB581EB707E7780B00857854 /* RTKMutableArrayCategory.h */; };
		CB581EBA07E7780C00857854 /* RTKMutableArrayCategory.m in Sources */ = {isa = PBXBuildFile; fileRef = CB581EB807E7780B00857854 /* RTKMutableArrayCategory.m */; };
		CB86ACA50879F4F3001D55F3 /* RTKStringCategory.m in Sources */ = {isa = PBXBuildFile; fileRef = CB86ACA40879F4F3001D55F3 /* RTKStringCategory.m */; };
		CB8F620C07BDCC1600698E17 /* cr_icon.icns in Resources */ = {isa = PBXBuildFile; fileRef = CB8F620B07BDCC1600698E17 /* cr_icon.icns */; };
		CBA9338207C805A100156906 /* RTKRevision.h in Resources */ = {isa = PBXBuildFile; fileRef = CBA9338007C805A000156906 /* RTKRevision.h */; };
		CBA9338307C805A100156906 /* RTKRevision.m in Sources */ = {isa = PBXBuildFile; fileRef = CBA9338107C805A100156906 /* RTKRevision.m */; };
		CBAE16B20D62BF1700FCBBA0 /* transliterate.m in Sources */ = {isa = PBXBuildFile; fileRef = CBAE16B10D62BF1700FCBBA0 /* transliterate.m */; };
		CBB9D1C907C457DF00E4C5B9 /* RTKBook.h in Resources */ = {isa = PBXBuildFile; fileRef = CBB9D1C707C457DF00E4C5B9 /* RTKBook.h */; };
		CBB9D1CA07C457DF00E4C5B9 /* RTKBook.m in Sources */ = {isa = PBXBuildFile; fileRef = CBB9D1C807C457DF00E4C5B9 /* RTKBook.m */; };
		CBBF69CB07D2B1140053A086 /* RTKPreferencesController.h in Resources */ = {isa = PBXBuildFile; fileRef = CBBF69C907D2B1140053A086 /* RTKPreferencesController.h */; };
		CBBF69CC07D2B1140053A086 /* RTKPreferencesController.m in Sources */ = {isa = PBXBuildFile; fileRef = CBBF69CA07D2B1140053A086 /* RTKPreferencesController.m */; };
		CBCB62A4083E4BC5003E6618 /* get_definitions.command in Resources */ = {isa = PBXBuildFile; fileRef = CBD3C6ED07D6CA3F00B15535 /* get_definitions.command */; };
		CBCE04A307D19E59008F8303 /* RTKGlobals.h in Resources */ = {isa = PBXBuildFile; fileRef = CBCE04A207D19E59008F8303 /* RTKGlobals.h */; };
		CBD3C76B07D7F04F00B15535 /* active_definitions in Resources */ = {isa = PBXBuildFile; fileRef = CBD3C76407D7F04E00B15535 /* active_definitions */; };
		CBD3C77207D7F06100B15535 /* downloaded_definitions in Resources */ = {isa = PBXBuildFile; fileRef = CBD3C76F07D7F06100B15535 /* downloaded_definitions */; };
		CBDD5D310AA142CA0081D3F1 /* RTKGroup.nib in Resources */ = {isa = PBXBuildFile; fileRef = CBDD5D2F0AA142C90081D3F1 /* RTKGroup.nib */; };
		CBDD5D3E0AA145DD0081D3F1 /* RTKGroupDocument.py in Resources */ = {isa = PBXBuildFile; fileRef = CBDD5D3D0AA145DD0081D3F1 /* RTKGroupDocument.py */; };
		CBE5FA5607DD5C1500CA8A01 /* Info.plist in Resources */ = {isa = PBXBuildFile; fileRef = 8D15AC360486D014006FF6A4 /* Info.plist */; };
		CBE5FA5707DD5C1C00CA8A01 /* CleverRabbit_Prefix.pch in Resources */ = {isa = PBXBuildFile; fileRef = 32DBCF750370BD2300C91783 /* CleverRabbit_Prefix.pch */; };
/* End PBXBuildFile section */

/* Begin PBXFileReference section */
		089C1660FE840EACC02AAC07 /* English */ = {isa = PBXFileReference; fileEncoding = 10; lastKnownFileType = text.plist.strings; name = English; path = English.lproj/InfoPlist.strings; sourceTree = "<group>"; };
		1058C7A7FEA54F5311CA2CBB /* Cocoa.framework */ = {isa = PBXFileReference; lastKnownFileType = wrapper.framework; name = Cocoa.framework; path = /System/Library/Frameworks/Cocoa.framework; sourceTree = "<absolute>"; };
		2A37F4B0FDCFA73011CA2CEA /* main.m */ = {isa = PBXFileReference; fileEncoding = 4; lastKnownFileType = sourcecode.c.objc; path = main.m; sourceTree = "<group>"; };
		2A37F4B7FDCFA73011CA2CEA /* English */ = {isa = PBXFileReference; lastKnownFileType = wrapper.nib; name = English; path = English.lproj/MainMenu.nib; sourceTree = "<group>"; };
		2A37F4BAFDCFA73011CA2CEA /* English */ = {isa = PBXFileReference; lastKnownFileType = text.rtf; name = English; path = English.lproj/Credits.rtf; sourceTree = "<group>"; };
		2A37F4C4FDCFA73011CA2CEA /* AppKit.framework */ = {isa = PBXFileReference; lastKnownFileType = wrapper.framework; name = AppKit.framework; path = /System/Library/Frameworks/AppKit.framework; sourceTree = "<absolute>"; };
		2A37F4C5FDCFA73011CA2CEA /* Foundation.framework */ = {isa = PBXFileReference; lastKnownFileType = wrapper.framework; name = Foundation.framework; path = /System/Library/Frameworks/Foundation.framework; sourceTree = "<absolute>"; };
		32DBCF750370BD2300C91783 /* CleverRabbit_Prefix.pch */ = {isa = PBXFileReference; fileEncoding = 4; lastKnownFileType = sourcecode.c.h; path = CleverRabbit_Prefix.pch; sourceTree = "<group>"; };
		8D15AC360486D014006FF6A4 /* Info.plist */ = {isa = PBXFileReference; fileEncoding = 4; lastKnownFileType = text.plist; path = Info.plist; sourceTree = "<group>"; };
		8D15AC370486D014006FF6A4 /* CleverRabbit.app */ = {isa = PBXFileReference; explicitFileType = wrapper.application; includeInIndex = 0; path = CleverRabbit.app; sourceTree = BUILT_PRODUCTS_DIR; };
		CB044DA607BF0035008E657C /* bugsAndFeatures.txt */ = {isa = PBXFileReference; fileEncoding = 4; lastKnownFileType = text; path = bugsAndFeatures.txt; sourceTree = "<group>"; };
		CB06450709B414870057078F /* tiger.icns */ = {isa = PBXFileReference; lastKnownFileType = image.icns; path = tiger.icns; sourceTree = "<group>"; };
		CB2349A507DCCCAC005D0DE4 /* RTKCleverRabbitController.m */ = {isa = PBXFileReference; fileEncoding = 4; lastKnownFileType = sourcecode.c.objc; path = RTKCleverRabbitController.m; sourceTree = "<group>"; };
		CB2349A607DCCCAC005D0DE4 /* RTKCleverRabbitController.h */ = {isa = PBXFileReference; fileEncoding = 4; lastKnownFileType = sourcecode.c.h; path = RTKCleverRabbitController.h; sourceTree = "<group>"; };
		CB2457970D946E9000B5EAA3 /* RTKMutableAttributedStringCategory.h */ = {isa = PBXFileReference; fileEncoding = 4; lastKnownFileType = sourcecode.c.h; path = RTKMutableAttributedStringCategory.h; sourceTree = "<group>"; };
		CB2457980D946E9000B5EAA3 /* RTKMutableAttributedStringCategory.m */ = {isa = PBXFileReference; fileEncoding = 4; lastKnownFileType = sourcecode.c.objc; path = RTKMutableAttributedStringCategory.m; sourceTree = "<group>"; };
		CB25DB4C07B43C0B006DADA3 /* RTKVerse.h */ = {isa = PBXFileReference; fileEncoding = 4; lastKnownFileType = sourcecode.c.h; path = RTKVerse.h; sourceTree = "<group>"; };
		CB25DB4D07B43C0B006DADA3 /* RTKVerse.m */ = {isa = PBXFileReference; fileEncoding = 4; lastKnownFileType = sourcecode.c.objc; path = RTKVerse.m; sourceTree = "<group>"; };
		CB26036A0D649093007FA175 /* regression-test.py */ = {isa = PBXFileReference; fileEncoding = 4; lastKnownFileType = text.script.python; path = "regression-test.py"; sourceTree = "<group>"; };
		CB2DCCEB07D17A0C00A5339A /* RTKAlias.h */ = {isa = PBXFileReference; fileEncoding = 4; lastKnownFileType = sourcecode.c.h; name = RTKAlias.h; path = ScriptConversion/RTKAlias.h; sourceTree = "<group>"; };
		CB2DCCEC07D17A0C00A5339A /* RTKAlias.m */ = {isa = PBXFileReference; fileEncoding = 4; lastKnownFileType = sourcecode.c.objc; name = RTKAlias.m; path = ScriptConversion/RTKAlias.m; sourceTree = "<group>"; };
		CB2DCCED07D17A0C00A5339A /* RTKBinaryTreeHeader.h */ = {isa = PBXFileReference; fileEncoding = 4; lastKnownFileType = sourcecode.c.h; name = RTKBinaryTreeHeader.h; path = ScriptConversion/RTKBinaryTreeHeader.h; sourceTree = "<group>"; };
		CB2DCCEE07D17A0C00A5339A /* RTKBinaryTreeHeader.m */ = {isa = PBXFileReference; fileEncoding = 4; lastKnownFileType = sourcecode.c.objc; name = RTKBinaryTreeHeader.m; path = ScriptConversion/RTKBinaryTreeHeader.m; sourceTree = "<group>"; };
		CB2DCCEF07D17A0C00A5339A /* RTKBinaryTreeNode.h */ = {isa = PBXFileReference; fileEncoding = 4; lastKnownFileType = sourcecode.c.h; name = RTKBinaryTreeNode.h; path = ScriptConversion/RTKBinaryTreeNode.h; sourceTree = "<group>"; };
		CB2DCCF007D17A0C00A5339A /* RTKBinaryTreeNode.m */ = {isa = PBXFileReference; fileEncoding = 4; lastKnownFileType = sourcecode.c.objc; name = RTKBinaryTreeNode.m; path = ScriptConversion/RTKBinaryTreeNode.m; sourceTree = "<group>"; };
		CB2DCCF307D17A0C00A5339A /* RTKConsonantDefinition.h */ = {isa = PBXFileReference; fileEncoding = 4; lastKnownFileType = sourcecode.c.h; name = RTKConsonantDefinition.h; path = ScriptConversion/RTKConsonantDefinition.h; sourceTree = "<group>"; };
		CB2DCCF407D17A0C00A5339A /* RTKConsonantDefinition.m */ = {isa = PBXFileReference; fileEncoding = 4; lastKnownFileType = sourcecode.c.objc; name = RTKConsonantDefinition.m; path = ScriptConversion/RTKConsonantDefinition.m; sourceTree = "<group>"; };
		CB2DCCF507D17A0C00A5339A /* RTKContextualParsing.h */ = {isa = PBXFileReference; fileEncoding = 4; lastKnownFileType = sourcecode.c.h; name = RTKContextualParsing.h; path = ScriptConversion/RTKContextualParsing.h; sourceTree = "<group>"; };
		CB2DCCF607D17A0C00A5339A /* RTKContextualParsing.m */ = {isa = PBXFileReference; fileEncoding = 4; lastKnownFileType = sourcecode.c.objc; name = RTKContextualParsing.m; path = ScriptConversion/RTKContextualParsing.m; sourceTree = "<group>"; };
		CB2DCCF707D17A0C00A5339A /* RTKConvertor.h */ = {isa = PBXFileReference; fileEncoding = 4; lastKnownFileType = sourcecode.c.h; name = RTKConvertor.h; path = ScriptConversion/RTKConvertor.h; sourceTree = "<group>"; };
		CB2DCCF807D17A0C00A5339A /* RTKConvertor.m */ = {isa = PBXFileReference; fileEncoding = 4; lastKnownFileType = sourcecode.c.objc; name = RTKConvertor.m; path = ScriptConversion/RTKConvertor.m; sourceTree = "<group>"; };
		CB2DCCF907D17A0C00A5339A /* RTKFilter.h */ = {isa = PBXFileReference; fileEncoding = 4; lastKnownFileType = sourcecode.c.h; name = RTKFilter.h; path = ScriptConversion/RTKFilter.h; sourceTree = "<group>"; };
		CB2DCCFA07D17A0C00A5339A /* RTKFilter.m */ = {isa = PBXFileReference; fileEncoding = 4; lastKnownFileType = sourcecode.c.objc; name = RTKFilter.m; path = ScriptConversion/RTKFilter.m; sourceTree = "<group>"; };
		CB2DCCFD07D17A0C00A5339A /* RTKFontCharacter.h */ = {isa = PBXFileReference; fileEncoding = 4; lastKnownFileType = sourcecode.c.h; name = RTKFontCharacter.h; path = ScriptConversion/RTKFontCharacter.h; sourceTree = "<group>"; };
		CB2DCCFE07D17A0C00A5339A /* RTKFontCharacter.m */ = {isa = PBXFileReference; fileEncoding = 4; lastKnownFileType = sourcecode.c.objc; name = RTKFontCharacter.m; path = ScriptConversion/RTKFontCharacter.m; sourceTree = "<group>"; };
		CB2DCCFF07D17A0C00A5339A /* RTKFontCharacterDefinition.h */ = {isa = PBXFileReference; fileEncoding = 4; lastKnownFileType = sourcecode.c.h; name = RTKFontCharacterDefinition.h; path = ScriptConversion/RTKFontCharacterDefinition.h; sourceTree = "<group>"; };
		CB2DCD0007D17A0C00A5339A /* RTKFontCharacterDefinition.m */ = {isa = PBXFileReference; fileEncoding = 4; lastKnownFileType = sourcecode.c.objc; name = RTKFontCharacterDefinition.m; path = ScriptConversion/RTKFontCharacterDefinition.m; sourceTree = "<group>"; };
		CB2DCD0107D17A0C00A5339A /* RTKFontEncodingDefinition.h */ = {isa = PBXFileReference; fileEncoding = 4; lastKnownFileType = sourcecode.c.h; name = RTKFontEncodingDefinition.h; path = ScriptConversion/RTKFontEncodingDefinition.h; sourceTree = "<group>"; };
		CB2DCD0207D17A0C00A5339A /* RTKFontEncodingDefinition.m */ = {isa = PBXFileReference; fileEncoding = 4; lastKnownFileType = sourcecode.c.objc; name = RTKFontEncodingDefinition.m; path = ScriptConversion/RTKFontEncodingDefinition.m; sourceTree = "<group>"; };
		CB2DCD0307D17A0C00A5339A /* RTKFontGlyphDefinition.h */ = {isa = PBXFileReference; fileEncoding = 4; lastKnownFileType = sourcecode.c.h; name = RTKFontGlyphDefinition.h; path = ScriptConversion/RTKFontGlyphDefinition.h; sourceTree = "<group>"; };
		CB2DCD0407D17A0C00A5339A /* RTKFontGlyphDefinition.m */ = {isa = PBXFileReference; fileEncoding = 4; lastKnownFileType = sourcecode.c.objc; name = RTKFontGlyphDefinition.m; path = ScriptConversion/RTKFontGlyphDefinition.m; sourceTree = "<group>"; };
		CB2DCD0607D17A0C00A5339A /* RTKGlyphAlias.h */ = {isa = PBXFileReference; fileEncoding = 4; lastKnownFileType = sourcecode.c.h; name = RTKGlyphAlias.h; path = ScriptConversion/RTKGlyphAlias.h; sourceTree = "<group>"; };
		CB2DCD0707D17A0C00A5339A /* RTKGlyphAlias.m */ = {isa = PBXFileReference; fileEncoding = 4; lastKnownFileType = sourcecode.c.objc; name = RTKGlyphAlias.m; path = ScriptConversion/RTKGlyphAlias.m; sourceTree = "<group>"; };
		CB2DCD0807D17A0C00A5339A /* RTKIDDatabase.h */ = {isa = PBXFileReference; fileEncoding = 4; lastKnownFileType = sourcecode.c.h; name = RTKIDDatabase.h; path = ScriptConversion/RTKIDDatabase.h; sourceTree = "<group>"; };
		CB2DCD0907D17A0C00A5339A /* RTKIDDatabase.m */ = {isa = PBXFileReference; fileEncoding = 4; lastKnownFileType = sourcecode.c.objc; name = RTKIDDatabase.m; path = ScriptConversion/RTKIDDatabase.m; sourceTree = "<group>"; };
		CB2DCD0A07D17A0C00A5339A /* RTKIDMarker.h */ = {isa = PBXFileReference; fileEncoding = 4; lastKnownFileType = sourcecode.c.h; name = RTKIDMarker.h; path = ScriptConversion/RTKIDMarker.h; sourceTree = "<group>"; };
		CB2DCD0B07D17A0C00A5339A /* RTKIDMarker.m */ = {isa = PBXFileReference; fileEncoding = 4; lastKnownFileType = sourcecode.c.objc; name = RTKIDMarker.m; path = ScriptConversion/RTKIDMarker.m; sourceTree = "<group>"; };
		CB2DCD0E07D17A0C00A5339A /* RTKInputFilterSetDefinition.h */ = {isa = PBXFileReference; fileEncoding = 4; lastKnownFileType = sourcecode.c.h; name = RTKInputFilterSetDefinition.h; path = ScriptConversion/RTKInputFilterSetDefinition.h; sourceTree = "<group>"; };
		CB2DCD0F07D17A0C00A5339A /* RTKInputFilterSetDefinition.m */ = {isa = PBXFileReference; fileEncoding = 4; lastKnownFileType = sourcecode.c.objc; name = RTKInputFilterSetDefinition.m; path = ScriptConversion/RTKInputFilterSetDefinition.m; sourceTree = "<group>"; };
		CB2DCD1207D17A0C00A5339A /* RTKLinkedListHeader.h */ = {isa = PBXFileReference; fileEncoding = 4; lastKnownFileType = sourcecode.c.h; name = RTKLinkedListHeader.h; path = ScriptConversion/RTKLinkedListHeader.h; sourceTree = "<group>"; };
		CB2DCD1307D17A0C00A5339A /* RTKLinkedListHeader.m */ = {isa = PBXFileReference; fileEncoding = 4; lastKnownFileType = sourcecode.c.objc; name = RTKLinkedListHeader.m; path = ScriptConversion/RTKLinkedListHeader.m; sourceTree = "<group>"; };
		CB2DCD1407D17A0C00A5339A /* RTKLinkedListNode.h */ = {isa = PBXFileReference; fileEncoding = 4; lastKnownFileType = sourcecode.c.h; name = RTKLinkedListNode.h; path = ScriptConversion/RTKLinkedListNode.h; sourceTree = "<group>"; };
		CB2DCD1507D17A0C00A5339A /* RTKLinkedListNode.m */ = {isa = PBXFileReference; fileEncoding = 4; lastKnownFileType = sourcecode.c.objc; name = RTKLinkedListNode.m; path = ScriptConversion/RTKLinkedListNode.m; sourceTree = "<group>"; };
		CB2DCD1607D17A0C00A5339A /* RTKParsePattern.h */ = {isa = PBXFileReference; fileEncoding = 4; lastKnownFileType = sourcecode.c.h; name = RTKParsePattern.h; path = ScriptConversion/RTKParsePattern.h; sourceTree = "<group>"; };
		CB2DCD1707D17A0C00A5339A /* RTKParsePattern.m */ = {isa = PBXFileReference; fileEncoding = 4; lastKnownFileType = sourcecode.c.objc; name = RTKParsePattern.m; path = ScriptConversion/RTKParsePattern.m; sourceTree = "<group>"; };
		CB2DCD1807D17A0C00A5339A /* RTKPunctuationGroupUnit.h */ = {isa = PBXFileReference; fileEncoding = 4; lastKnownFileType = sourcecode.c.h; name = RTKPunctuationGroupUnit.h; path = ScriptConversion/RTKPunctuationGroupUnit.h; sourceTree = "<group>"; };
		CB2DCD1907D17A0C00A5339A /* RTKPunctuationGroupUnit.m */ = {isa = PBXFileReference; fileEncoding = 4; lastKnownFileType = sourcecode.c.objc; name = RTKPunctuationGroupUnit.m; path = ScriptConversion/RTKPunctuationGroupUnit.m; sourceTree = "<group>"; };
		CB2DCD1A07D17A0C00A5339A /* RTKPunctuationUnit.h */ = {isa = PBXFileReference; fileEncoding = 4; lastKnownFileType = sourcecode.c.h; name = RTKPunctuationUnit.h; path = ScriptConversion/RTKPunctuationUnit.h; sourceTree = "<group>"; };
		CB2DCD1B07D17A0C00A5339A /* RTKPunctuationUnit.m */ = {isa = PBXFileReference; fileEncoding = 4; lastKnownFileType = sourcecode.c.objc; name = RTKPunctuationUnit.m; path = ScriptConversion/RTKPunctuationUnit.m; sourceTree = "<group>"; };
		CB2DCD2007D17A0C00A5339A /* RTKScriptCluster.h */ = {isa = PBXFileReference; fileEncoding = 4; lastKnownFileType = sourcecode.c.h; name = RTKScriptCluster.h; path = ScriptConversion/RTKScriptCluster.h; sourceTree = "<group>"; };
		CB2DCD2107D17A0C00A5339A /* RTKScriptCluster.m */ = {isa = PBXFileReference; fileEncoding = 4; lastKnownFileType = sourcecode.c.objc; name = RTKScriptCluster.m; path = ScriptConversion/RTKScriptCluster.m; sourceTree = "<group>"; };
		CB2DCD2207D17A0C00A5339A /* RTKScriptDefinition.h */ = {isa = PBXFileReference; fileEncoding = 4; lastKnownFileType = sourcecode.c.h; name = RTKScriptDefinition.h; path = ScriptConversion/RTKScriptDefinition.h; sourceTree = "<group>"; };
		CB2DCD2307D17A0C00A5339A /* RTKScriptDefinition.m */ = {isa = PBXFileReference; fileEncoding = 4; lastKnownFileType = sourcecode.c.objc; name = RTKScriptDefinition.m; path = ScriptConversion/RTKScriptDefinition.m; sourceTree = "<group>"; };
		CB2DCD2407D17A0C00A5339A /* RTKScriptPunctuationGroup.h */ = {isa = PBXFileReference; fileEncoding = 4; lastKnownFileType = sourcecode.c.h; name = RTKScriptPunctuationGroup.h; path = ScriptConversion/RTKScriptPunctuationGroup.h; sourceTree = "<group>"; };
		CB2DCD2507D17A0C00A5339A /* RTKScriptPunctuationGroup.m */ = {isa = PBXFileReference; fileEncoding = 4; lastKnownFileType = sourcecode.c.objc; name = RTKScriptPunctuationGroup.m; path = ScriptConversion/RTKScriptPunctuationGroup.m; sourceTree = "<group>"; };
		CB2DCD2607D17A0C00A5339A /* RTKScriptWord.h */ = {isa = PBXFileReference; fileEncoding = 4; lastKnownFileType = sourcecode.c.h; name = RTKScriptWord.h; path = ScriptConversion/RTKScriptWord.h; sourceTree = "<group>"; };
		CB2DCD2707D17A0C00A5339A /* RTKScriptWord.m */ = {isa = PBXFileReference; fileEncoding = 4; lastKnownFileType = sourcecode.c.objc; name = RTKScriptWord.m; path = ScriptConversion/RTKScriptWord.m; sourceTree = "<group>"; };
		CB2DCD2807D17A0C00A5339A /* RTKSyllableUnit.h */ = {isa = PBXFileReference; fileEncoding = 4; lastKnownFileType = sourcecode.c.h; name = RTKSyllableUnit.h; path = ScriptConversion/RTKSyllableUnit.h; sourceTree = "<group>"; };
		CB2DCD2907D17A0C00A5339A /* RTKSyllableUnit.m */ = {isa = PBXFileReference; fileEncoding = 4; lastKnownFileType = sourcecode.c.objc; name = RTKSyllableUnit.m; path = ScriptConversion/RTKSyllableUnit.m; sourceTree = "<group>"; };
		CB2DCD2A07D17A0C00A5339A /* RTKVowelDefinition.h */ = {isa = PBXFileReference; fileEncoding = 4; lastKnownFileType = sourcecode.c.h; name = RTKVowelDefinition.h; path = ScriptConversion/RTKVowelDefinition.h; sourceTree = "<group>"; };
		CB2DCD2B07D17A0C00A5339A /* RTKVowelDefinition.m */ = {isa = PBXFileReference; fileEncoding = 4; lastKnownFileType = sourcecode.c.objc; name = RTKVowelDefinition.m; path = ScriptConversion/RTKVowelDefinition.m; sourceTree = "<group>"; };
		CB2DCD2C07D17A0C00A5339A /* RTKWordUnit.h */ = {isa = PBXFileReference; fileEncoding = 4; lastKnownFileType = sourcecode.c.h; name = RTKWordUnit.h; path = ScriptConversion/RTKWordUnit.h; sourceTree = "<group>"; };
		CB2DCD2D07D17A0C00A5339A /* RTKWordUnit.m */ = {isa = PBXFileReference; fileEncoding = 4; lastKnownFileType = sourcecode.c.objc; name = RTKWordUnit.m; path = ScriptConversion/RTKWordUnit.m; sourceTree = "<group>"; };
		CB2DCD2E07D17A0C00A5339A /* RTKWrapper.h */ = {isa = PBXFileReference; fileEncoding = 4; lastKnownFileType = sourcecode.c.h; name = RTKWrapper.h; path = ScriptConversion/RTKWrapper.h; sourceTree = "<group>"; };
		CB2DCD2F07D17A0C00A5339A /* RTKWrapper.m */ = {isa = PBXFileReference; fileEncoding = 4; lastKnownFileType = sourcecode.c.objc; name = RTKWrapper.m; path = ScriptConversion/RTKWrapper.m; sourceTree = "<group>"; };
		CB3CB7B607C8FDD7003AB0B3 /* RTKTigerTextView.h */ = {isa = PBXFileReference; fileEncoding = 4; lastKnownFileType = sourcecode.c.h; path = RTKTigerTextView.h; sourceTree = "<group>"; };
		CB3CB7B707C8FDD7003AB0B3 /* RTKTigerTextView.m */ = {isa = PBXFileReference; fileEncoding = 4; lastKnownFileType = sourcecode.c.objc; path = RTKTigerTextView.m; sourceTree = "<group>"; };
		CB483C5307B187B700D628EF /* English */ = {isa = PBXFileReference; lastKnownFileType = wrapper.nib; name = English; path = English.lproj/RTKTiger.nib; sourceTree = "<group>"; };
		CB483C7D07B189A500D628EF /* RTKTigerDocument.h */ = {isa = PBXFileReference; fileEncoding = 4; lastKnownFileType = sourcecode.c.h; path = RTKTigerDocument.h; sourceTree = "<group>"; };
		CB483C7E07B189A500D628EF /* RTKTigerDocument.m */ = {isa = PBXFileReference; fileEncoding = 4; lastKnownFileType = sourcecode.c.objc; path = RTKTigerDocument.m; sourceTree = "<group>"; };
		CB54132108AEE9AF00CAB00C /* Chomp.h */ = {isa = PBXFileReference; fileEncoding = 4; lastKnownFileType = sourcecode.c.h; name = Chomp.h; path = Chomp/Chomp.h; sourceTree = "<group>"; };
		CB54132208AEE9AF00CAB00C /* CHOMPEnumeratorCollectTrampoline.h */ = {isa = PBXFileReference; fileEncoding = 4; lastKnownFileType = sourcecode.c.h; name = CHOMPEnumeratorCollectTrampoline.h; path = Chomp/CHOMPEnumeratorCollectTrampoline.h; sourceTree = "<group>"; };
		CB54132308AEE9AF00CAB00C /* CHOMPEnumeratorCollectTrampoline.m */ = {isa = PBXFileReference; fileEncoding = 4; lastKnownFileType = sourcecode.c.objc; name = CHOMPEnumeratorCollectTrampoline.m; path = Chomp/CHOMPEnumeratorCollectTrampoline.m; sourceTree = "<group>"; };
		CB54132408AEE9AF00CAB00C /* CHOMPEnumeratorTrampoline.h */ = {isa = PBXFileReference; fileEncoding = 4; lastKnownFileType = sourcecode.c.h; name = CHOMPEnumeratorTrampoline.h; path = Chomp/CHOMPEnumeratorTrampoline.h; sourceTree = "<group>"; };
		CB54132508AEE9AF00CAB00C /* CHOMPEnumeratorTrampoline.m */ = {isa = PBXFileReference; fileEncoding = 4; lastKnownFileType = sourcecode.c.objc; name = CHOMPEnumeratorTrampoline.m; path = Chomp/CHOMPEnumeratorTrampoline.m; sourceTree = "<group>"; };
		CB54132608AEE9AF00CAB00C /* CHOMPSimpleTrampoline.h */ = {isa = PBXFileReference; fileEncoding = 4; lastKnownFileType = sourcecode.c.h; name = CHOMPSimpleTrampoline.h; path = Chomp/CHOMPSimpleTrampoline.h; sourceTree = "<group>"; };
		CB54132708AEE9AF00CAB00C /* CHOMPSimpleTrampoline.m */ = {isa = PBXFileReference; fileEncoding = 4; lastKnownFileType = sourcecode.c.objc; name = CHOMPSimpleTrampoline.m; path = Chomp/CHOMPSimpleTrampoline.m; sourceTree = "<group>"; };
		CB54132808AEE9AF00CAB00C /* CHOMPSingleObjectEnumerator.h */ = {isa = PBXFileReference; fileEncoding = 4; lastKnownFileType = sourcecode.c.h; name = CHOMPSingleObjectEnumerator.h; path = Chomp/CHOMPSingleObjectEnumerator.h; sourceTree = "<group>"; };
		CB54132908AEE9AF00CAB00C /* CHOMPSingleObjectEnumerator.m */ = {isa = PBXFileReference; fileEncoding = 4; lastKnownFileType = sourcecode.c.objc; name = CHOMPSingleObjectEnumerator.m; path = Chomp/CHOMPSingleObjectEnumerator.m; sourceTree = "<group>"; };
		CB54132A08AEE9AF00CAB00C /* CHOMPTrampoline.h */ = {isa = PBXFileReference; fileEncoding = 4; lastKnownFileType = sourcecode.c.h; name = CHOMPTrampoline.h; path = Chomp/CHOMPTrampoline.h; sourceTree = "<group>"; };
		CB54132B08AEE9AF00CAB00C /* CHOMPTrampoline.m */ = {isa = PBXFileReference; fileEncoding = 4; lastKnownFileType = sourcecode.c.objc; name = CHOMPTrampoline.m; path = Chomp/CHOMPTrampoline.m; sourceTree = "<group>"; };
		CB54132C08AEE9AF00CAB00C /* Documentation.html */ = {isa = PBXFileReference; fileEncoding = 4; lastKnownFileType = text.html; name = Documentation.html; path = Chomp/Documentation.html; sourceTree = "<group>"; };
		CB54132D08AEE9AF00CAB00C /* NSCollections+CHOMPIteration.h */ = {isa = PBXFileReference; fileEncoding = 4; lastKnownFileType = sourcecode.c.h; name = "NSCollections+CHOMPIteration.h"; path = "Chomp/NSCollections+CHOMPIteration.h"; sourceTree = "<group>"; };
		CB54132E08AEE9AF00CAB00C /* NSCollections+CHOMPIteration.m */ = {isa = PBXFileReference; fileEncoding = 4; lastKnownFileType = sourcecode.c.objc; name = "NSCollections+CHOMPIteration.m"; path = "Chomp/NSCollections+CHOMPIteration.m"; sourceTree = "<group>"; };
		CB54132F08AEE9AF00CAB00C /* NSObject+CHOMPHOM.h */ = {isa = PBXFileReference; fileEncoding = 4; lastKnownFileType = sourcecode.c.h; name = "NSObject+CHOMPHOM.h"; path = "Chomp/NSObject+CHOMPHOM.h"; sourceTree = "<group>"; };
		CB54133008AEE9AF00CAB00C /* NSObject+CHOMPHOM.m */ = {isa = PBXFileReference; fileEncoding = 4; lastKnownFileType = sourcecode.c.objc; name = "NSObject+CHOMPHOM.m"; path = "Chomp/NSObject+CHOMPHOM.m"; sourceTree = "<group>"; };
		CB54133108AEE9AF00CAB00C /* NSObject+CHOMPIteration.h */ = {isa = PBXFileReference; fileEncoding = 4; lastKnownFileType = sourcecode.c.h; name = "NSObject+CHOMPIteration.h"; path = "Chomp/NSObject+CHOMPIteration.h"; sourceTree = "<group>"; };
		CB54133208AEE9AF00CAB00C /* NSObject+CHOMPIteration.m */ = {isa = PBXFileReference; fileEncoding = 4; lastKnownFileType = sourcecode.c.objc; name = "NSObject+CHOMPIteration.m"; path = "Chomp/NSObject+CHOMPIteration.m"; sourceTree = "<group>"; };
		CB54133308AEE9AF00CAB00C /* README */ = {isa = PBXFileReference; fileEncoding = 4; lastKnownFileType = text; name = README; path = Chomp/README; sourceTree = "<group>"; wrapsLines = 1; };
		CB5413A608AEF2D100CAB00C /* HACKING */ = {isa = PBXFileReference; fileEncoding = 4; lastKnownFileType = text; name = HACKING; path = Chomp/HACKING; sourceTree = "<group>"; wrapsLines = 1; };
		CB5413A708AEF2D100CAB00C /* LICENSE */ = {isa = PBXFileReference; fileEncoding = 4; lastKnownFileType = text; name = LICENSE; path = Chomp/LICENSE; sourceTree = "<group>"; };
		CB581CD307E40DC400857854 /* RTKArrayCategory.h */ = {isa = PBXFileReference; fileEncoding = 4; lastKnownFileType = sourcecode.c.h; path = RTKArrayCategory.h; sourceTree = "<group>"; };
		CB581CD407E40DC400857854 /* RTKArrayCategory.m */ = {isa = PBXFileReference; fileEncoding = 4; lastKnownFileType = sourcecode.c.objc; path = RTKArrayCategory.m; sourceTree = "<group>"; };
		CB581EB707E7780B00857854 /* RTKMutableArrayCategory.h */ = {isa = PBXFileReference; fileEncoding = 4; lastKnownFileType = sourcecode.c.h; path = RTKMutableArrayCategory.h; sourceTree = "<group>"; };
		CB581EB807E7780B00857854 /* RTKMutableArrayCategory.m */ = {isa = PBXFileReference; fileEncoding = 4; lastKnownFileType = sourcecode.c.objc; path = RTKMutableArrayCategory.m; sourceTree = "<group>"; };
		CB86ACA30879F4F2001D55F3 /* RTKStringCategory.h */ = {isa = PBXFileReference; fileEncoding = 4; lastKnownFileType = sourcecode.c.h; path = RTKStringCategory.h; sourceTree = "<group>"; };
		CB86ACA40879F4F3001D55F3 /* RTKStringCategory.m */ = {isa = PBXFileReference; fileEncoding = 4; lastKnownFileType = sourcecode.c.objc; path = RTKStringCategory.m; sourceTree = "<group>"; };
		CB8F620B07BDCC1600698E17 /* cr_icon.icns */ = {isa = PBXFileReference; lastKnownFileType = image.icns; path = cr_icon.icns; sourceTree = "<group>"; };
		CBA9338007C805A000156906 /* RTKRevision.h */ = {isa = PBXFileReference; fileEncoding = 4; lastKnownFileType = sourcecode.c.h; path = RTKRevision.h; sourceTree = "<group>"; };
		CBA9338107C805A100156906 /* RTKRevision.m */ = {isa = PBXFileReference; fileEncoding = 4; lastKnownFileType = sourcecode.c.objc; path = RTKRevision.m; sourceTree = "<group>"; };
		CBAE16AA0D62BE9F00FCBBA0 /* transliterate */ = {isa = PBXFileReference; explicitFileType = "compiled.mach-o.executable"; includeInIndex = 0; path = transliterate; sourceTree = BUILT_PRODUCTS_DIR; };
		CBAE16B10D62BF1700FCBBA0 /* transliterate.m */ = {isa = PBXFileReference; fileEncoding = 4; lastKnownFileType = sourcecode.c.objc; path = transliterate.m; sourceTree = "<group>"; };
		CBB9D1C707C457DF00E4C5B9 /* RTKBook.h */ = {isa = PBXFileReference; fileEncoding = 4; lastKnownFileType = sourcecode.c.h; path = RTKBook.h; sourceTree = "<group>"; };
		CBB9D1C807C457DF00E4C5B9 /* RTKBook.m */ = {isa = PBXFileReference; fileEncoding = 4; lastKnownFileType = sourcecode.c.objc; path = RTKBook.m; sourceTree = "<group>"; };
		CBBF69C907D2B1140053A086 /* RTKPreferencesController.h */ = {isa = PBXFileReference; fileEncoding = 4; lastKnownFileType = sourcecode.c.h; path = RTKPreferencesController.h; sourceTree = "<group>"; };
		CBBF69CA07D2B1140053A086 /* RTKPreferencesController.m */ = {isa = PBXFileReference; fileEncoding = 4; lastKnownFileType = sourcecode.c.objc; path = RTKPreferencesController.m; sourceTree = "<group>"; };
		CBCE04A207D19E59008F8303 /* RTKGlobals.h */ = {isa = PBXFileReference; fileEncoding = 4; lastKnownFileType = sourcecode.c.h; name = RTKGlobals.h; path = ScriptConversion/RTKGlobals.h; sourceTree = "<group>"; };
		CBD3C6ED07D6CA3F00B15535 /* get_definitions.command */ = {isa = PBXFileReference; fileEncoding = 4; lastKnownFileType = text.script.perl; path = get_definitions.command; sourceTree = "<group>"; };
		CBD3C76407D7F04E00B15535 /* active_definitions */ = {isa = PBXFileReference; lastKnownFileType = folder; path = active_definitions; sourceTree = "<group>"; };
		CBD3C76F07D7F06100B15535 /* downloaded_definitions */ = {isa = PBXFileReference; lastKnownFileType = folder; path = downloaded_definitions; sourceTree = "<group>"; };
		CBDD5D300AA142CA0081D3F1 /* English */ = {isa = PBXFileReference; lastKnownFileType = wrapper.nib; name = English; path = English.lproj/RTKGroup.nib; sourceTree = "<group>"; };
		CBDD5D3D0AA145DD0081D3F1 /* RTKGroupDocument.py */ = {isa = PBXFileReference; fileEncoding = 4; lastKnownFileType = text.script.python; path = RTKGroupDocument.py; sourceTree = "<group>"; };
/* End PBXFileReference section */

/* Begin PBXFrameworksBuildPhase section */
		8D15AC330486D014006FF6A4 /* Frameworks */ = {
			isa = PBXFrameworksBuildPhase;
			buildActionMask = 2147483647;
			files = (
				8D15AC340486D014006FF6A4 /* Cocoa.framework in Frameworks */,
			);
			runOnlyForDeploymentPostprocessing = 0;
		};
		CBAE16A80D62BE9F00FCBBA0 /* Frameworks */ = {
			isa = PBXFrameworksBuildPhase;
			buildActionMask = 2147483647;
			files = (
			);
			runOnlyForDeploymentPostprocessing = 0;
		};
/* End PBXFrameworksBuildPhase section */

/* Begin PBXGroup section */
		1058C7A6FEA54F5311CA2CBB /* Linked Frameworks */ = {
			isa = PBXGroup;
			children = (
				1058C7A7FEA54F5311CA2CBB /* Cocoa.framework */,
			);
			name = "Linked Frameworks";
			sourceTree = "<group>";
		};
		1058C7A8FEA54F5311CA2CBB /* Other Frameworks */ = {
			isa = PBXGroup;
			children = (
				2A37F4C5FDCFA73011CA2CEA /* Foundation.framework */,
				2A37F4C4FDCFA73011CA2CEA /* AppKit.framework */,
			);
			name = "Other Frameworks";
			sourceTree = "<group>";
		};
		19C28FB0FE9D524F11CA2CBB /* Products */ = {
			isa = PBXGroup;
			children = (
				8D15AC370486D014006FF6A4 /* CleverRabbit.app */,
				CBAE16AA0D62BE9F00FCBBA0 /* transliterate */,
			);
			name = Products;
			sourceTree = "<group>";
		};
		2A37F4AAFDCFA73011CA2CEA /* CleverRabbit */ = {
			isa = PBXGroup;
			children = (
				CB5412FC08AEE95A00CAB00C /* Chomp */,
				CB2DCCC007D1781F00A5339A /* Script Conversion */,
				2A37F4ABFDCFA73011CA2CEA /* Classes */,
				2A37F4AFFDCFA73011CA2CEA /* Other Sources */,
				2A37F4B8FDCFA73011CA2CEA /* Resources */,
				2A37F4C3FDCFA73011CA2CEA /* Frameworks */,
				19C28FB0FE9D524F11CA2CBB /* Products */,
			);
			name = CleverRabbit;
			sourceTree = "<group>";
		};
		2A37F4ABFDCFA73011CA2CEA /* Classes */ = {
			isa = PBXGroup;
			children = (
				CBE483840988A7FC00BF6F50 /* Headers */,
				CB581CD407E40DC400857854 /* RTKArrayCategory.m */,
				CB581EB807E7780B00857854 /* RTKMutableArrayCategory.m */,
				CB86ACA40879F4F3001D55F3 /* RTKStringCategory.m */,
				CB2457980D946E9000B5EAA3 /* RTKMutableAttributedStringCategory.m */,
				CBA9338107C805A100156906 /* RTKRevision.m */,
				CB25DB4D07B43C0B006DADA3 /* RTKVerse.m */,
				CBB9D1C807C457DF00E4C5B9 /* RTKBook.m */,
				CB483C7E07B189A500D628EF /* RTKTigerDocument.m */,
				CB3CB7B707C8FDD7003AB0B3 /* RTKTigerTextView.m */,
				CBBF69CA07D2B1140053A086 /* RTKPreferencesController.m */,
				CB2349A507DCCCAC005D0DE4 /* RTKCleverRabbitController.m */,
				CBDD5D3D0AA145DD0081D3F1 /* RTKGroupDocument.py */,
			);
			name = Classes;
			sourceTree = "<group>";
		};
		2A37F4AFFDCFA73011CA2CEA /* Other Sources */ = {
			isa = PBXGroup;
			children = (
				32DBCF750370BD2300C91783 /* CleverRabbit_Prefix.pch */,
				2A37F4B0FDCFA73011CA2CEA /* main.m */,
				CBAE16B10D62BF1700FCBBA0 /* transliterate.m */,
				CB26036A0D649093007FA175 /* regression-test.py */,
			);
			name = "Other Sources";
			sourceTree = "<group>";
		};
		2A37F4B8FDCFA73011CA2CEA /* Resources */ = {
			isa = PBXGroup;
			children = (
				CBD3C76407D7F04E00B15535 /* active_definitions */,
				CBD3C76F07D7F06100B15535 /* downloaded_definitions */,
				CB044DA607BF0035008E657C /* bugsAndFeatures.txt */,
				CBD3C6ED07D6CA3F00B15535 /* get_definitions.command */,
				CB06450709B414870057078F /* tiger.icns */,
				CB8F620B07BDCC1600698E17 /* cr_icon.icns */,
				CB483C5207B187B700D628EF /* RTKTiger.nib */,
				2A37F4B9FDCFA73011CA2CEA /* Credits.rtf */,
				2A37F4B6FDCFA73011CA2CEA /* MainMenu.nib */,
				8D15AC360486D014006FF6A4 /* Info.plist */,
				089C165FFE840EACC02AAC07 /* InfoPlist.strings */,
				CBDD5D2F0AA142C90081D3F1 /* RTKGroup.nib */,
			);
			name = Resources;
			sourceTree = "<group>";
		};
		2A37F4C3FDCFA73011CA2CEA /* Frameworks */ = {
			isa = PBXGroup;
			children = (
				1058C7A6FEA54F5311CA2CBB /* Linked Frameworks */,
				1058C7A8FEA54F5311CA2CBB /* Other Frameworks */,
			);
			name = Frameworks;
			sourceTree = "<group>";
		};
		CB2602910D63C675007FA175 /* Headers */ = {
			isa = PBXGroup;
			children = (
				CB2DCCEB07D17A0C00A5339A /* RTKAlias.h */,
				CB2DCCED07D17A0C00A5339A /* RTKBinaryTreeHeader.h */,
				CB2DCCEF07D17A0C00A5339A /* RTKBinaryTreeNode.h */,
				CB2DCCF307D17A0C00A5339A /* RTKConsonantDefinition.h */,
				CB2DCCF507D17A0C00A5339A /* RTKContextualParsing.h */,
				CB2DCCF707D17A0C00A5339A /* RTKConvertor.h */,
				CBCE04A207D19E59008F8303 /* RTKGlobals.h */,
				CB2DCCF907D17A0C00A5339A /* RTKFilter.h */,
				CB2DCCFD07D17A0C00A5339A /* RTKFontCharacter.h */,
				CB2DCCFF07D17A0C00A5339A /* RTKFontCharacterDefinition.h */,
				CB2DCD0107D17A0C00A5339A /* RTKFontEncodingDefinition.h */,
				CB2DCD0307D17A0C00A5339A /* RTKFontGlyphDefinition.h */,
				CB2DCD0607D17A0C00A5339A /* RTKGlyphAlias.h */,
				CB2DCD0807D17A0C00A5339A /* RTKIDDatabase.h */,
				CB2DCD0A07D17A0C00A5339A /* RTKIDMarker.h */,
				CB2DCD0E07D17A0C00A5339A /* RTKInputFilterSetDefinition.h */,
				CB2DCD1207D17A0C00A5339A /* RTKLinkedListHeader.h */,
				CB2DCD1407D17A0C00A5339A /* RTKLinkedListNode.h */,
				CB2DCD1607D17A0C00A5339A /* RTKParsePattern.h */,
				CB2DCD1807D17A0C00A5339A /* RTKPunctuationGroupUnit.h */,
				CB2DCD1A07D17A0C00A5339A /* RTKPunctuationUnit.h */,
				CB2DCD2007D17A0C00A5339A /* RTKScriptCluster.h */,
				CB2DCD2207D17A0C00A5339A /* RTKScriptDefinition.h */,
				CB2DCD2407D17A0C00A5339A /* RTKScriptPunctuationGroup.h */,
				CB2DCD2607D17A0C00A5339A /* RTKScriptWord.h */,
				CB2DCD2807D17A0C00A5339A /* RTKSyllableUnit.h */,
				CB2DCD2A07D17A0C00A5339A /* RTKVowelDefinition.h */,
				CB2DCD2C07D17A0C00A5339A /* RTKWordUnit.h */,
				CB2DCD2E07D17A0C00A5339A /* RTKWrapper.h */,
			);
			name = Headers;
			sourceTree = "<group>";
		};
		CB2DCCC007D1781F00A5339A /* Script Conversion */ = {
			isa = PBXGroup;
			children = (
				CB2602910D63C675007FA175 /* Headers */,
				CB2DCCEC07D17A0C00A5339A /* RTKAlias.m */,
				CB2DCCEE07D17A0C00A5339A /* RTKBinaryTreeHeader.m */,
				CB2DCCF007D17A0C00A5339A /* RTKBinaryTreeNode.m */,
				CB2DCCF407D17A0C00A5339A /* RTKConsonantDefinition.m */,
				CB2DCCF607D17A0C00A5339A /* RTKContextualParsing.m */,
				CB2DCCF807D17A0C00A5339A /* RTKConvertor.m */,
				CB2DCCFA07D17A0C00A5339A /* RTKFilter.m */,
				CB2DCCFE07D17A0C00A5339A /* RTKFontCharacter.m */,
				CB2DCD0007D17A0C00A5339A /* RTKFontCharacterDefinition.m */,
				CB2DCD0207D17A0C00A5339A /* RTKFontEncodingDefinition.m */,
				CB2DCD0407D17A0C00A5339A /* RTKFontGlyphDefinition.m */,
				CB2DCD0707D17A0C00A5339A /* RTKGlyphAlias.m */,
				CB2DCD0907D17A0C00A5339A /* RTKIDDatabase.m */,
				CB2DCD0B07D17A0C00A5339A /* RTKIDMarker.m */,
				CB2DCD0F07D17A0C00A5339A /* RTKInputFilterSetDefinition.m */,
				CB2DCD1307D17A0C00A5339A /* RTKLinkedListHeader.m */,
				CB2DCD1507D17A0C00A5339A /* RTKLinkedListNode.m */,
				CB2DCD1707D17A0C00A5339A /* RTKParsePattern.m */,
				CB2DCD1907D17A0C00A5339A /* RTKPunctuationGroupUnit.m */,
				CB2DCD1B07D17A0C00A5339A /* RTKPunctuationUnit.m */,
				CB2DCD2107D17A0C00A5339A /* RTKScriptCluster.m */,
				CB2DCD2307D17A0C00A5339A /* RTKScriptDefinition.m */,
				CB2DCD2507D17A0C00A5339A /* RTKScriptPunctuationGroup.m */,
				CB2DCD2707D17A0C00A5339A /* RTKScriptWord.m */,
				CB2DCD2907D17A0C00A5339A /* RTKSyllableUnit.m */,
				CB2DCD2B07D17A0C00A5339A /* RTKVowelDefinition.m */,
				CB2DCD2D07D17A0C00A5339A /* RTKWordUnit.m */,
				CB2DCD2F07D17A0C00A5339A /* RTKWrapper.m */,
			);
			name = "Script Conversion";
			sourceTree = "<group>";
		};
		CB5412FC08AEE95A00CAB00C /* Chomp */ = {
			isa = PBXGroup;
			children = (
				CB54132108AEE9AF00CAB00C /* Chomp.h */,
				CB54132208AEE9AF00CAB00C /* CHOMPEnumeratorCollectTrampoline.h */,
				CB54132308AEE9AF00CAB00C /* CHOMPEnumeratorCollectTrampoline.m */,
				CB54132408AEE9AF00CAB00C /* CHOMPEnumeratorTrampoline.h */,
				CB54132508AEE9AF00CAB00C /* CHOMPEnumeratorTrampoline.m */,
				CB54132608AEE9AF00CAB00C /* CHOMPSimpleTrampoline.h */,
				CB54132708AEE9AF00CAB00C /* CHOMPSimpleTrampoline.m */,
				CB54132808AEE9AF00CAB00C /* CHOMPSingleObjectEnumerator.h */,
				CB54132908AEE9AF00CAB00C /* CHOMPSingleObjectEnumerator.m */,
				CB54132A08AEE9AF00CAB00C /* CHOMPTrampoline.h */,
				CB54132B08AEE9AF00CAB00C /* CHOMPTrampoline.m */,
				CB54132C08AEE9AF00CAB00C /* Documentation.html */,
				CB54132D08AEE9AF00CAB00C /* NSCollections+CHOMPIteration.h */,
				CB54132E08AEE9AF00CAB00C /* NSCollections+CHOMPIteration.m */,
				CB54132F08AEE9AF00CAB00C /* NSObject+CHOMPHOM.h */,
				CB54133008AEE9AF00CAB00C /* NSObject+CHOMPHOM.m */,
				CB54133108AEE9AF00CAB00C /* NSObject+CHOMPIteration.h */,
				CB54133208AEE9AF00CAB00C /* NSObject+CHOMPIteration.m */,
				CB54133308AEE9AF00CAB00C /* README */,
				CB5413A608AEF2D100CAB00C /* HACKING */,
				CB5413A708AEF2D100CAB00C /* LICENSE */,
			);
			name = Chomp;
			sourceTree = "<group>";
		};
		CBE483840988A7FC00BF6F50 /* Headers */ = {
			isa = PBXGroup;
			children = (
				CB2457970D946E9000B5EAA3 /* RTKMutableAttributedStringCategory.h */,
				CB581EB707E7780B00857854 /* RTKMutableArrayCategory.h */,
				CB581CD307E40DC400857854 /* RTKArrayCategory.h */,
				CB86ACA30879F4F2001D55F3 /* RTKStringCategory.h */,
				CBA9338007C805A000156906 /* RTKRevision.h */,
				CB25DB4C07B43C0B006DADA3 /* RTKVerse.h */,
				CBB9D1C707C457DF00E4C5B9 /* RTKBook.h */,
				CB483C7D07B189A500D628EF /* RTKTigerDocument.h */,
				CB3CB7B607C8FDD7003AB0B3 /* RTKTigerTextView.h */,
				CBBF69C907D2B1140053A086 /* RTKPreferencesController.h */,
				CB2349A607DCCCAC005D0DE4 /* RTKCleverRabbitController.h */,
			);
			name = Headers;
			sourceTree = "<group>";
		};
/* End PBXGroup section */

/* Begin PBXNativeTarget section */
		8D15AC270486D014006FF6A4 /* CleverRabbit */ = {
			isa = PBXNativeTarget;
			buildConfigurationList = CBBC7E6D0864666100E3D3DC /* Build configuration list for PBXNativeTarget "CleverRabbit" */;
			buildPhases = (
				8D15AC2B0486D014006FF6A4 /* Resources */,
				8D15AC300486D014006FF6A4 /* Sources */,
				8D15AC330486D014006FF6A4 /* Frameworks */,
			);
			buildRules = (
			);
			dependencies = (
			);
			name = CleverRabbit;
			productInstallPath = "$(HOME)/Applications";
			productName = CleverRabbit;
			productReference = 8D15AC370486D014006FF6A4 /* CleverRabbit.app */;
			productType = "com.apple.product-type.application";
		};
		CBAE16A90D62BE9F00FCBBA0 /* transliterate */ = {
			isa = PBXNativeTarget;
			buildConfigurationList = CBAE16AF0D62BECD00FCBBA0 /* Build configuration list for PBXNativeTarget "transliterate" */;
			buildPhases = (
				CBAE16A70D62BE9F00FCBBA0 /* Sources */,
				CBAE16A80D62BE9F00FCBBA0 /* Frameworks */,
			);
			buildRules = (
			);
			dependencies = (
			);
			name = transliterate;
			productName = transliterate;
			productReference = CBAE16AA0D62BE9F00FCBBA0 /* transliterate */;
			productType = "com.apple.product-type.tool";
		};
/* End PBXNativeTarget section */

/* Begin PBXProject section */
		2A37F4A9FDCFA73011CA2CEA /* Project object */ = {
			isa = PBXProject;
			buildConfigurationList = CBBC7E710864666100E3D3DC /* Build configuration list for PBXProject "CleverRabbit" */;
			compatibilityVersion = "Xcode 2.4";
			hasScannedForEncodings = 1;
			mainGroup = 2A37F4AAFDCFA73011CA2CEA /* CleverRabbit */;
			projectDirPath = "";
			projectRoot = "";
			targets = (
				8D15AC270486D014006FF6A4 /* CleverRabbit */,
				CBAE16A90D62BE9F00FCBBA0 /* transliterate */,
			);
		};
/* End PBXProject section */

/* Begin PBXResourcesBuildPhase section */
		8D15AC2B0486D014006FF6A4 /* Resources */ = {
			isa = PBXResourcesBuildPhase;
			buildActionMask = 2147483647;
			files = (
				8D15AC2C0486D014006FF6A4 /* Credits.rtf in Resources */,
				8D15AC2D0486D014006FF6A4 /* MainMenu.nib in Resources */,
				8D15AC2F0486D014006FF6A4 /* InfoPlist.strings in Resources */,
				CB483C5407B187B700D628EF /* RTKTiger.nib in Resources */,
				CB483C7F07B189A500D628EF /* RTKTigerDocument.h in Resources */,
				CB25DB4E07B43C0B006DADA3 /* RTKVerse.h in Resources */,
				CB8F620C07BDCC1600698E17 /* cr_icon.icns in Resources */,
				CB044DA707BF0035008E657C /* bugsAndFeatures.txt in Resources */,
				CBB9D1C907C457DF00E4C5B9 /* RTKBook.h in Resources */,
				CBA9338207C805A100156906 /* RTKRevision.h in Resources */,
				CB3CB7B807C8FDD7003AB0B3 /* RTKTigerTextView.h in Resources */,
				CB2DCD3507D17A0C00A5339A /* RTKAlias.h in Resources */,
				CB2DCD3707D17A0C00A5339A /* RTKBinaryTreeHeader.h in Resources */,
				CB2DCD3907D17A0C00A5339A /* RTKBinaryTreeNode.h in Resources */,
				CB2DCD3D07D17A0C00A5339A /* RTKConsonantDefinition.h in Resources */,
				CB2DCD3F07D17A0C00A5339A /* RTKContextualParsing.h in Resources */,
				CB2DCD4107D17A0C00A5339A /* RTKConvertor.h in Resources */,
				CB2DCD4307D17A0C00A5339A /* RTKFilter.h in Resources */,
				CB2DCD4707D17A0C00A5339A /* RTKFontCharacter.h in Resources */,
				CB2DCD4907D17A0C00A5339A /* RTKFontCharacterDefinition.h in Resources */,
				CB2DCD4B07D17A0C00A5339A /* RTKFontEncodingDefinition.h in Resources */,
				CB2DCD4D07D17A0C00A5339A /* RTKFontGlyphDefinition.h in Resources */,
				CB2DCD5007D17A0C00A5339A /* RTKGlyphAlias.h in Resources */,
				CB2DCD5207D17A0C00A5339A /* RTKIDDatabase.h in Resources */,
				CB2DCD5407D17A0C00A5339A /* RTKIDMarker.h in Resources */,
				CB2DCD5807D17A0C00A5339A /* RTKInputFilterSetDefinition.h in Resources */,
				CB2DCD5C07D17A0C00A5339A /* RTKLinkedListHeader.h in Resources */,
				CB2DCD5E07D17A0C00A5339A /* RTKLinkedListNode.h in Resources */,
				CB2DCD6007D17A0C00A5339A /* RTKParsePattern.h in Resources */,
				CB2DCD6207D17A0C00A5339A /* RTKPunctuationGroupUnit.h in Resources */,
				CB2DCD6407D17A0C00A5339A /* RTKPunctuationUnit.h in Resources */,
				CB2DCD6A07D17A0C00A5339A /* RTKScriptCluster.h in Resources */,
				CB2DCD6C07D17A0C00A5339A /* RTKScriptDefinition.h in Resources */,
				CB2DCD6E07D17A0C00A5339A /* RTKScriptPunctuationGroup.h in Resources */,
				CB2DCD7007D17A0C00A5339A /* RTKScriptWord.h in Resources */,
				CB2DCD7207D17A0C00A5339A /* RTKSyllableUnit.h in Resources */,
				CB2DCD7407D17A0C00A5339A /* RTKVowelDefinition.h in Resources */,
				CB2DCD7607D17A0C00A5339A /* RTKWordUnit.h in Resources */,
				CB2DCD7807D17A0C00A5339A /* RTKWrapper.h in Resources */,
				CBCE04A307D19E59008F8303 /* RTKGlobals.h in Resources */,
				CBBF69CB07D2B1140053A086 /* RTKPreferencesController.h in Resources */,
				CBD3C76B07D7F04F00B15535 /* active_definitions in Resources */,
				CBD3C77207D7F06100B15535 /* downloaded_definitions in Resources */,
				CB2349A807DCCCAC005D0DE4 /* RTKCleverRabbitController.h in Resources */,
				CBE5FA5607DD5C1500CA8A01 /* Info.plist in Resources */,
				CBE5FA5707DD5C1C00CA8A01 /* CleverRabbit_Prefix.pch in Resources */,
				CB581CD507E40DC400857854 /* RTKArrayCategory.h in Resources */,
				CB581EB907E7780B00857854 /* RTKMutableArrayCategory.h in Resources */,
				CBCB62A4083E4BC5003E6618 /* get_definitions.command in Resources */,
				CB54133A08AEE9AF00CAB00C /* Documentation.html in Resources */,
				CB06450809B414880057078F /* tiger.icns in Resources */,
				CBDD5D310AA142CA0081D3F1 /* RTKGroup.nib in Resources */,
				CBDD5D3E0AA145DD0081D3F1 /* RTKGroupDocument.py in Resources */,
				CB04066A0D7B65250025AA28 /* LICENSE in Resources */,
			);
			runOnlyForDeploymentPostprocessing = 0;
		};
/* End PBXResourcesBuildPhase section */

/* Begin PBXSourcesBuildPhase section */
		8D15AC300486D014006FF6A4 /* Sources */ = {
			isa = PBXSourcesBuildPhase;
			buildActionMask = 2147483647;
			files = (
				8D15AC320486D014006FF6A4 /* main.m in Sources */,
				CB483C8007B189A500D628EF /* RTKTigerDocument.m in Sources */,
				CB25DB4F07B43C0B006DADA3 /* RTKVerse.m in Sources */,
				CBB9D1CA07C457DF00E4C5B9 /* RTKBook.m in Sources */,
				CBA9338307C805A100156906 /* RTKRevision.m in Sources */,
				CB3CB7B907C8FDD7003AB0B3 /* RTKTigerTextView.m in Sources */,
				CB2DCD3607D17A0C00A5339A /* RTKAlias.m in Sources */,
				CB2DCD3807D17A0C00A5339A /* RTKBinaryTreeHeader.m in Sources */,
				CB2DCD3A07D17A0C00A5339A /* RTKBinaryTreeNode.m in Sources */,
				CB2DCD3E07D17A0C00A5339A /* RTKConsonantDefinition.m in Sources */,
				CB2DCD4007D17A0C00A5339A /* RTKContextualParsing.m in Sources */,
				CB2DCD4207D17A0C00A5339A /* RTKConvertor.m in Sources */,
				CB2DCD4407D17A0C00A5339A /* RTKFilter.m in Sources */,
				CB2DCD4807D17A0C00A5339A /* RTKFontCharacter.m in Sources */,
				CB2DCD4A07D17A0C00A5339A /* RTKFontCharacterDefinition.m in Sources */,
				CB2DCD4C07D17A0C00A5339A /* RTKFontEncodingDefinition.m in Sources */,
				CB2DCD4E07D17A0C00A5339A /* RTKFontGlyphDefinition.m in Sources */,
				CB2DCD5107D17A0C00A5339A /* RTKGlyphAlias.m in Sources */,
				CB2DCD5307D17A0C00A5339A /* RTKIDDatabase.m in Sources */,
				CB2DCD5507D17A0C00A5339A /* RTKIDMarker.m in Sources */,
				CB2DCD5907D17A0C00A5339A /* RTKInputFilterSetDefinition.m in Sources */,
				CB2DCD5D07D17A0C00A5339A /* RTKLinkedListHeader.m in Sources */,
				CB2DCD5F07D17A0C00A5339A /* RTKLinkedListNode.m in Sources */,
				CB2DCD6107D17A0C00A5339A /* RTKParsePattern.m in Sources */,
				CB2DCD6307D17A0C00A5339A /* RTKPunctuationGroupUnit.m in Sources */,
				CB2DCD6507D17A0C00A5339A /* RTKPunctuationUnit.m in Sources */,
				CB2DCD6B07D17A0C00A5339A /* RTKScriptCluster.m in Sources */,
				CB2DCD6D07D17A0C00A5339A /* RTKScriptDefinition.m in Sources */,
				CB2DCD6F07D17A0C00A5339A /* RTKScriptPunctuationGroup.m in Sources */,
				CB2DCD7107D17A0C00A5339A /* RTKScriptWord.m in Sources */,
				CB2DCD7307D17A0C00A5339A /* RTKSyllableUnit.m in Sources */,
				CB2DCD7507D17A0C00A5339A /* RTKVowelDefinition.m in Sources */,
				CB2DCD7707D17A0C00A5339A /* RTKWordUnit.m in Sources */,
				CB2DCD7907D17A0C00A5339A /* RTKWrapper.m in Sources */,
				CBBF69CC07D2B1140053A086 /* RTKPreferencesController.m in Sources */,
				CB2349A707DCCCAC005D0DE4 /* RTKCleverRabbitController.m in Sources */,
				CB581CD607E40DC400857854 /* RTKArrayCategory.m in Sources */,
				CB581EBA07E7780C00857854 /* RTKMutableArrayCategory.m in Sources */,
				CB86ACA50879F4F3001D55F3 /* RTKStringCategory.m in Sources */,
				CB54133508AEE9AF00CAB00C /* CHOMPEnumeratorCollectTrampoline.m in Sources */,
				CB54133608AEE9AF00CAB00C /* CHOMPEnumeratorTrampoline.m in Sources */,
				CB54133708AEE9AF00CAB00C /* CHOMPSimpleTrampoline.m in Sources */,
				CB54133808AEE9AF00CAB00C /* CHOMPSingleObjectEnumerator.m in Sources */,
				CB54133908AEE9AF00CAB00C /* CHOMPTrampoline.m in Sources */,
				CB54133B08AEE9AF00CAB00C /* NSCollections+CHOMPIteration.m in Sources */,
				CB54133C08AEE9AF00CAB00C /* NSObject+CHOMPHOM.m in Sources */,
				CB54133D08AEE9AF00CAB00C /* NSObject+CHOMPIteration.m in Sources */,
				CB2457990D946E9000B5EAA3 /* RTKMutableAttributedStringCategory.m in Sources */,
			);
			runOnlyForDeploymentPostprocessing = 0;
		};
		CBAE16A70D62BE9F00FCBBA0 /* Sources */ = {
			isa = PBXSourcesBuildPhase;
			buildActionMask = 2147483647;
			files = (
				CBAE16B20D62BF1700FCBBA0 /* transliterate.m in Sources */,
				CB2602920D63C6B6007FA175 /* RTKAlias.m in Sources */,
				CB2602990D63C6B7007FA175 /* RTKBinaryTreeHeader.m in Sources */,
				CB26029A0D63C6B8007FA175 /* RTKBinaryTreeNode.m in Sources */,
				CB26029B0D63C6B8007FA175 /* RTKConsonantDefinition.m in Sources */,
				CB26029C0D63C6B9007FA175 /* RTKContextualParsing.m in Sources */,
				CB26029D0D63C6BA007FA175 /* RTKConvertor.m in Sources */,
				CB26029E0D63C6BA007FA175 /* RTKFilter.m in Sources */,
				CB26029F0D63C6BB007FA175 /* RTKFontCharacter.m in Sources */,
				CB2602A00D63C6BB007FA175 /* RTKFontCharacterDefinition.m in Sources */,
				CB2602A10D63C6BC007FA175 /* RTKFontEncodingDefinition.m in Sources */,
				CB2602A20D63C6BD007FA175 /* RTKFontGlyphDefinition.m in Sources */,
				CB2602A30D63C6BD007FA175 /* RTKGlyphAlias.m in Sources */,
				CB2602A40D63C6BE007FA175 /* RTKIDDatabase.m in Sources */,
				CB2602A50D63C6BE007FA175 /* RTKIDMarker.m in Sources */,
				CB2602A60D63C6BF007FA175 /* RTKInputFilterSetDefinition.m in Sources */,
				CB2602A70D63C6C0007FA175 /* RTKLinkedListHeader.m in Sources */,
				CB2602A80D63C6C0007FA175 /* RTKLinkedListNode.m in Sources */,
				CB2602A90D63C6C1007FA175 /* RTKParsePattern.m in Sources */,
				CB2602AA0D63C6C2007FA175 /* RTKPunctuationGroupUnit.m in Sources */,
				CB2602AB0D63C6C2007FA175 /* RTKPunctuationUnit.m in Sources */,
				CB2602AC0D63C6C3007FA175 /* RTKScriptCluster.m in Sources */,
				CB2602AD0D63C6C3007FA175 /* RTKScriptDefinition.m in Sources */,
				CB2602AE0D63C6C4007FA175 /* RTKScriptPunctuationGroup.m in Sources */,
				CB2602AF0D63C6C4007FA175 /* RTKSyllableUnit.m in Sources */,
				CB2602B00D63C6C5007FA175 /* RTKScriptWord.m in Sources */,
				CB2602B10D63C6C6007FA175 /* RTKVowelDefinition.m in Sources */,
				CB2602B20D63C6C7007FA175 /* RTKWordUnit.m in Sources */,
				CB2602B30D63C6C8007FA175 /* RTKWrapper.m in Sources */,
				CB2603420D6400ED007FA175 /* RTKStringCategory.m in Sources */,
				CB24579A0D946E9100B5EAA3 /* RTKMutableAttributedStringCategory.m in Sources */,
			);
			runOnlyForDeploymentPostprocessing = 0;
		};
/* End PBXSourcesBuildPhase section */

/* Begin PBXVariantGroup section */
		089C165FFE840EACC02AAC07 /* InfoPlist.strings */ = {
			isa = PBXVariantGroup;
			children = (
				089C1660FE840EACC02AAC07 /* English */,
			);
			name = InfoPlist.strings;
			sourceTree = "<group>";
		};
		2A37F4B6FDCFA73011CA2CEA /* MainMenu.nib */ = {
			isa = PBXVariantGroup;
			children = (
				2A37F4B7FDCFA73011CA2CEA /* English */,
			);
			name = MainMenu.nib;
			sourceTree = "<group>";
		};
		2A37F4B9FDCFA73011CA2CEA /* Credits.rtf */ = {
			isa = PBXVariantGroup;
			children = (
				2A37F4BAFDCFA73011CA2CEA /* English */,
			);
			name = Credits.rtf;
			sourceTree = "<group>";
		};
		CB483C5207B187B700D628EF /* RTKTiger.nib */ = {
			isa = PBXVariantGroup;
			children = (
				CB483C5307B187B700D628EF /* English */,
			);
			name = RTKTiger.nib;
			sourceTree = "<group>";
		};
		CBDD5D2F0AA142C90081D3F1 /* RTKGroup.nib */ = {
			isa = PBXVariantGroup;
			children = (
				CBDD5D300AA142CA0081D3F1 /* English */,
			);
			name = RTKGroup.nib;
			sourceTree = "<group>";
		};
/* End PBXVariantGroup section */

/* Begin XCBuildConfiguration section */
		CBAE16AC0D62BE9F00FCBBA0 /* Development */ = {
			isa = XCBuildConfiguration;
			buildSettings = {
				COPY_PHASE_STRIP = NO;
				GCC_DYNAMIC_NO_PIC = NO;
				GCC_ENABLE_FIX_AND_CONTINUE = YES;
				GCC_MODEL_TUNING = G5;
				GCC_OPTIMIZATION_LEVEL = 0;
				GCC_PRECOMPILE_PREFIX_HEADER = YES;
				GCC_PREFIX_HEADER = "$(SYSTEM_LIBRARY_DIR)/Frameworks/AppKit.framework/Headers/AppKit.h";
				INSTALL_PATH = /usr/local/bin;
				OTHER_LDFLAGS = (
					"-framework",
					Foundation,
					"-framework",
					AppKit,
				);
				PREBINDING = NO;
				PRODUCT_NAME = transliterate;
				ZERO_LINK = YES;
			};
			name = Development;
		};
		CBAE16AD0D62BE9F00FCBBA0 /* Deployment */ = {
			isa = XCBuildConfiguration;
			buildSettings = {
				COPY_PHASE_STRIP = YES;
				DEBUG_INFORMATION_FORMAT = "dwarf-with-dsym";
				GCC_ENABLE_FIX_AND_CONTINUE = NO;
				GCC_MODEL_TUNING = G5;
				GCC_PRECOMPILE_PREFIX_HEADER = YES;
				GCC_PREFIX_HEADER = "$(SYSTEM_LIBRARY_DIR)/Frameworks/AppKit.framework/Headers/AppKit.h";
				INSTALL_PATH = /usr/local/bin;
				OTHER_LDFLAGS = (
					"-framework",
					Foundation,
					"-framework",
					AppKit,
				);
				PREBINDING = NO;
				PRODUCT_NAME = transliterate;
				ZERO_LINK = NO;
			};
			name = Deployment;
		};
		CBAE16AE0D62BE9F00FCBBA0 /* Default */ = {
			isa = XCBuildConfiguration;
			buildSettings = {
				GCC_ENABLE_FIX_AND_CONTINUE = YES;
				GCC_MODEL_TUNING = G5;
				GCC_PRECOMPILE_PREFIX_HEADER = YES;
				GCC_PREFIX_HEADER = "$(SYSTEM_LIBRARY_DIR)/Frameworks/AppKit.framework/Headers/AppKit.h";
				INSTALL_PATH = /usr/local/bin;
				OTHER_LDFLAGS = (
					"-framework",
					Foundation,
					"-framework",
					AppKit,
				);
				PREBINDING = NO;
				PRODUCT_NAME = transliterate;
				ZERO_LINK = YES;
			};
			name = Default;
		};
		CBBC7E6E0864666100E3D3DC /* Development */ = {
			isa = XCBuildConfiguration;
			buildSettings = {
				COPY_PHASE_STRIP = NO;
				GCC_DYNAMIC_NO_PIC = NO;
				GCC_ENABLE_FIX_AND_CONTINUE = YES;
				GCC_GENERATE_DEBUGGING_SYMBOLS = YES;
				GCC_OPTIMIZATION_LEVEL = 0;
				GCC_PRECOMPILE_PREFIX_HEADER = YES;
				GCC_PREFIX_HEADER = CleverRabbit_Prefix.pch;
				INFOPLIST_FILE = Info.plist;
				INSTALL_PATH = "$(HOME)/Applications";
				PRODUCT_NAME = CleverRabbit;
				WRAPPER_EXTENSION = app;
				ZERO_LINK = YES;
			};
			name = Development;
		};
		CBBC7E6F0864666100E3D3DC /* Deployment */ = {
			isa = XCBuildConfiguration;
			buildSettings = {
				ARCHS = ppc;
				COPY_PHASE_STRIP = NO;
				DEPLOYMENT_LOCATION = YES;
				DSTROOT = /Users/Shared/DevToTest;
				GCC_DYNAMIC_NO_PIC = NO;
				GCC_ENABLE_FIX_AND_CONTINUE = NO;
				GCC_GENERATE_DEBUGGING_SYMBOLS = NO;
				GCC_PRECOMPILE_PREFIX_HEADER = YES;
				GCC_PREFIX_HEADER = CleverRabbit_Prefix.pch;
				INFOPLIST_FILE = Info.plist;
				INSTALL_PATH = /;
				MACOSX_DEPLOYMENT_TARGET = 10.4;
				PRODUCT_NAME = CleverRabbit;
				VALID_ARCHS = "ppc64 ppc7400 ppc970 i386 x86_64 ppc";
				WRAPPER_EXTENSION = app;
				YACC_GENERATE_DEBUGGING_DIRECTIVES = NO;
				ZERO_LINK = NO;
			};
			name = Deployment;
		};
		CBBC7E700864666100E3D3DC /* Default */ = {
			isa = XCBuildConfiguration;
			buildSettings = {
				GCC_GENERATE_DEBUGGING_SYMBOLS = NO;
				GCC_PRECOMPILE_PREFIX_HEADER = YES;
				GCC_PREFIX_HEADER = CleverRabbit_Prefix.pch;
				INFOPLIST_FILE = Info.plist;
				INSTALL_PATH = "$(HOME)/Applications";
				PRODUCT_NAME = CleverRabbit;
				WRAPPER_EXTENSION = app;
			};
			name = Default;
		};
		CBBC7E720864666100E3D3DC /* Development */ = {
			isa = XCBuildConfiguration;
			buildSettings = {
				MACOSX_DEPLOYMENT_TARGET = 10.3;
			};
			name = Development;
		};
		CBBC7E730864666100E3D3DC /* Deployment */ = {
			isa = XCBuildConfiguration;
			buildSettings = {
				ARCHS = (
					"i386,",
					ppc,
				);
				MACOSX_DEPLOYMENT_TARGET = 10.3;
			};
			name = Deployment;
		};
		CBBC7E740864666100E3D3DC /* Default */ = {
			isa = XCBuildConfiguration;
			buildSettings = {
				MACOSX_DEPLOYMENT_TARGET = 10.3;
			};
			name = Default;
		};
/* End XCBuildConfiguration section */

/* Begin XCConfigurationList section */
		CBAE16AF0D62BECD00FCBBA0 /* Build configuration list for PBXNativeTarget "transliterate" */ = {
			isa = XCConfigurationList;
			buildConfigurations = (
				CBAE16AC0D62BE9F00FCBBA0 /* Development */,
				CBAE16AD0D62BE9F00FCBBA0 /* Deployment */,
				CBAE16AE0D62BE9F00FCBBA0 /* Default */,
			);
			defaultConfigurationIsVisible = 0;
			defaultConfigurationName = Default;
		};
		CBBC7E6D0864666100E3D3DC /* Build configuration list for PBXNativeTarget "CleverRabbit" */ = {
			isa = XCConfigurationList;
			buildConfigurations = (
				CBBC7E6E0864666100E3D3DC /* Development */,
				CBBC7E6F0864666100E3D3DC /* Deployment */,
				CBBC7E700864666100E3D3DC /* Default */,
			);
			defaultConfigurationIsVisible = 0;
			defaultConfigurationName = Default;
		};
		CBBC7E710864666100E3D3DC /* Build configuration list for PBXProject "CleverRabbit" */ = {
			isa = XCConfigurationList;
			buildConfigurations = (
				CBBC7E720864666100E3D3DC /* Development */,
				CBBC7E730864666100E3D3DC /* Deployment */,
				CBBC7E740864666100E3D3DC /* Default */,
			);
			defaultConfigurationIsVisible = 0;
			defaultConfigurationName = Default;
		};
/* End XCConfigurationList section */
	};
	rootObject = 2A37F4A9FDCFA73011CA2CEA /* Project object */;
}
